// !$*UTF8*$!
{
	archiveVersion = 1;
	classes = {
	};
	objectVersion = 50;
	objects = {

/* Begin PBXBuildFile section */
		2208C7B6208BDC130025D22B /* UIStoryboard+Extension.swift in Sources */ = {isa = PBXBuildFile; fileRef = 2208C7B5208BDC130025D22B /* UIStoryboard+Extension.swift */; };
		2208C7B8208BDC900025D22B /* UIViewController+Extension.swift in Sources */ = {isa = PBXBuildFile; fileRef = 2208C7B7208BDC900025D22B /* UIViewController+Extension.swift */; };
		2208C7BA208BDD300025D22B /* SandbagCalculatorViewController.swift in Sources */ = {isa = PBXBuildFile; fileRef = 2208C7B9208BDD300025D22B /* SandbagCalculatorViewController.swift */; };
		2208C7BB208BE8180025D22B /* WaterNode.swift in Sources */ = {isa = PBXBuildFile; fileRef = 888494F1208BB22500B980C7 /* WaterNode.swift */; };
		2208C7C2208C28D90025D22B /* Cloudinary.swift in Sources */ = {isa = PBXBuildFile; fileRef = 2208C7C1208C28D90025D22B /* Cloudinary.swift */; };
		2208C7C7208C453D0025D22B /* ShareImage.storyboard in Resources */ = {isa = PBXBuildFile; fileRef = 2208C7C5208C453D0025D22B /* ShareImage.storyboard */; };
		2208C7C9208C45FC0025D22B /* ShareImageViewController.swift in Sources */ = {isa = PBXBuildFile; fileRef = 2208C7C8208C45FC0025D22B /* ShareImageViewController.swift */; };
		2208C7CB208C49EB0025D22B /* UIStoryboardSegue+Extension.swift in Sources */ = {isa = PBXBuildFile; fileRef = 2208C7CA208C49EB0025D22B /* UIStoryboardSegue+Extension.swift */; };
		2208C80E208C8BAF0025D22B /* SandbagAttributes.swift in Sources */ = {isa = PBXBuildFile; fileRef = 2208C80D208C8BAF0025D22B /* SandbagAttributes.swift */; };
		2208C810208C94D30025D22B /* ProcessInfo+Extension.swift in Sources */ = {isa = PBXBuildFile; fileRef = 2208C80F208C94D30025D22B /* ProcessInfo+Extension.swift */; };
		2208C848208C95C20025D22B /* ShelterViewController.swift in Sources */ = {isa = PBXBuildFile; fileRef = 2208C847208C95C20025D22B /* ShelterViewController.swift */; };
		224593AF208CA507007A7C08 /* UICollectionView+Extension.swift in Sources */ = {isa = PBXBuildFile; fileRef = 88F13943208C4D2200C819C2 /* UICollectionView+Extension.swift */; };
		224593B0208CA507007A7C08 /* ImageAccess.swift in Sources */ = {isa = PBXBuildFile; fileRef = 88F1394E208C50D900C819C2 /* ImageAccess.swift */; };
		224593B1208CA507007A7C08 /* MyFriendCollectionViewLayout.swift in Sources */ = {isa = PBXBuildFile; fileRef = 88F1393E208C4BE400C819C2 /* MyFriendCollectionViewLayout.swift */; };
		224593B2208CA507007A7C08 /* Kairos.swift in Sources */ = {isa = PBXBuildFile; fileRef = 88F1392F208C1E9400C819C2 /* Kairos.swift */; };
		224593B3208CA507007A7C08 /* SandbagAttributes.swift in Sources */ = {isa = PBXBuildFile; fileRef = 2208C80D208C8BAF0025D22B /* SandbagAttributes.swift */; };
		224593B4208CA507007A7C08 /* FamilyTracker.swift in Sources */ = {isa = PBXBuildFile; fileRef = 88F13956208C5B1900C819C2 /* FamilyTracker.swift */; };
		224593B5208CA507007A7C08 /* KairosEnrollImage.swift in Sources */ = {isa = PBXBuildFile; fileRef = 88F1392D208C1B8400C819C2 /* KairosEnrollImage.swift */; };
		224593B6208CA507007A7C08 /* Resuable.swift in Sources */ = {isa = PBXBuildFile; fileRef = 88F13941208C4C8600C819C2 /* Resuable.swift */; };
		224593B7208CA507007A7C08 /* UIImageView+Extension.swift in Sources */ = {isa = PBXBuildFile; fileRef = 88F13938208C43A200C819C2 /* UIImageView+Extension.swift */; };
		224593B8208CA507007A7C08 /* ProcessInfo+Extension.swift in Sources */ = {isa = PBXBuildFile; fileRef = 2208C80F208C94D30025D22B /* ProcessInfo+Extension.swift */; };
		224593B9208CA507007A7C08 /* FamilyMemberCollectionViewCell.swift in Sources */ = {isa = PBXBuildFile; fileRef = 88F1394C208C4F5800C819C2 /* FamilyMemberCollectionViewCell.swift */; };
		224593BA208CA507007A7C08 /* KairosAttributes.swift in Sources */ = {isa = PBXBuildFile; fileRef = 88F1392B208C1A5C00C819C2 /* KairosAttributes.swift */; };
		224593BB208CA507007A7C08 /* KairosEnrollResult.swift in Sources */ = {isa = PBXBuildFile; fileRef = 88F13931208C1F1700C819C2 /* KairosEnrollResult.swift */; };
		224593BC208CA507007A7C08 /* WaterNode.swift in Sources */ = {isa = PBXBuildFile; fileRef = 888494F1208BB22500B980C7 /* WaterNode.swift */; };
		224593BD208CA507007A7C08 /* UIView+Extension.swift in Sources */ = {isa = PBXBuildFile; fileRef = 88F13958208C631900C819C2 /* UIView+Extension.swift */; };
		224593BE208CA507007A7C08 /* KairosEnrollTransaction.swift in Sources */ = {isa = PBXBuildFile; fileRef = 88F13929208C17CC00C819C2 /* KairosEnrollTransaction.swift */; };
		224593BF208CA507007A7C08 /* ARFloodViewController.swift in Sources */ = {isa = PBXBuildFile; fileRef = 888494D5208B872E00B980C7 /* ARFloodViewController.swift */; };
		224593C0208CA507007A7C08 /* Array+Extension.swift in Sources */ = {isa = PBXBuildFile; fileRef = 88F13945208C4D5F00C819C2 /* Array+Extension.swift */; };
		224593C1208CA507007A7C08 /* ShelterViewController.swift in Sources */ = {isa = PBXBuildFile; fileRef = 2208C847208C95C20025D22B /* ShelterViewController.swift */; };
		224593C2208CA507007A7C08 /* Cloudinary.swift in Sources */ = {isa = PBXBuildFile; fileRef = 2208C7C1208C28D90025D22B /* Cloudinary.swift */; };
		224593C3208CA507007A7C08 /* SandbagCalculatorViewController.swift in Sources */ = {isa = PBXBuildFile; fileRef = 2208C7B9208BDD300025D22B /* SandbagCalculatorViewController.swift */; };
		224593C4208CA507007A7C08 /* UIColor+Extension.swift in Sources */ = {isa = PBXBuildFile; fileRef = 88F13950208C51B400C819C2 /* UIColor+Extension.swift */; };
		224593C5208CA507007A7C08 /* KairosRecognizeResult.swift in Sources */ = {isa = PBXBuildFile; fileRef = 88F13933208C2F6600C819C2 /* KairosRecognizeResult.swift */; };
		224593C6208CA507007A7C08 /* BaseCollectionView.swift in Sources */ = {isa = PBXBuildFile; fileRef = 88F1394A208C4F1400C819C2 /* BaseCollectionView.swift */; };
		224593C7208CA507007A7C08 /* UIStoryboard+Extension.swift in Sources */ = {isa = PBXBuildFile; fileRef = 2208C7B5208BDC130025D22B /* UIStoryboard+Extension.swift */; };
		224593C8208CA507007A7C08 /* UIViewController+Extension.swift in Sources */ = {isa = PBXBuildFile; fileRef = 2208C7B7208BDC900025D22B /* UIViewController+Extension.swift */; };
		224593C9208CA507007A7C08 /* AppDelegate.swift in Sources */ = {isa = PBXBuildFile; fileRef = 888494D1208B872E00B980C7 /* AppDelegate.swift */; };
		224593CA208CA507007A7C08 /* CircleImageView.swift in Sources */ = {isa = PBXBuildFile; fileRef = 88F1393B208C44E700C819C2 /* CircleImageView.swift */; };
		224593CB208CA507007A7C08 /* NetworkService.swift in Sources */ = {isa = PBXBuildFile; fileRef = 88F13927208C0A7600C819C2 /* NetworkService.swift */; };
		224593CC208CA507007A7C08 /* MyFamilyViewController.swift in Sources */ = {isa = PBXBuildFile; fileRef = 88F13952208C554900C819C2 /* MyFamilyViewController.swift */; };
		224593CD208CA507007A7C08 /* FamilyMember.swift in Sources */ = {isa = PBXBuildFile; fileRef = 88F13948208C4E9200C819C2 /* FamilyMember.swift */; };
		224593CE208CA507007A7C08 /* ShareImageViewController.swift in Sources */ = {isa = PBXBuildFile; fileRef = 2208C7C8208C45FC0025D22B /* ShareImageViewController.swift */; };
		224593CF208CA507007A7C08 /* UIStoryboardSegue+Extension.swift in Sources */ = {isa = PBXBuildFile; fileRef = 2208C7CA208C49EB0025D22B /* UIStoryboardSegue+Extension.swift */; };
		224593D3208CA507007A7C08 /* MyFamily.storyboard in Resources */ = {isa = PBXBuildFile; fileRef = 88F13935208C3CAC00C819C2 /* MyFamily.storyboard */; };
		224593D4208CA507007A7C08 /* art.scnassets in Resources */ = {isa = PBXBuildFile; fileRef = 888494D3208B872E00B980C7 /* art.scnassets */; };
		224593D5208CA507007A7C08 /* LaunchScreen.storyboard in Resources */ = {isa = PBXBuildFile; fileRef = 888494DC208B872F00B980C7 /* LaunchScreen.storyboard */; };
		224593D6208CA507007A7C08 /* familymembers.json in Resources */ = {isa = PBXBuildFile; fileRef = 88F13954208C585300C819C2 /* familymembers.json */; };
		224593D7208CA507007A7C08 /* ShareImage.storyboard in Resources */ = {isa = PBXBuildFile; fileRef = 2208C7C5208C453D0025D22B /* ShareImage.storyboard */; };
		224593D8208CA507007A7C08 /* Assets.xcassets in Resources */ = {isa = PBXBuildFile; fileRef = 888494DA208B872F00B980C7 /* Assets.xcassets */; };
		224593D9208CA507007A7C08 /* Main.storyboard in Resources */ = {isa = PBXBuildFile; fileRef = 888494D7208B872E00B980C7 /* Main.storyboard */; };
		224593E0208CA5EF007A7C08 /* Shelter.storyboard in Resources */ = {isa = PBXBuildFile; fileRef = 2208C844208C95B00025D22B /* Shelter.storyboard */; };
		224593E3208CA6BF007A7C08 /* ShelterResultsViewController.swift in Sources */ = {isa = PBXBuildFile; fileRef = 224593E1208CA6BD007A7C08 /* ShelterResultsViewController.swift */; };
		224593E4208CA6C5007A7C08 /* ShelterResultsViewController.swift in Sources */ = {isa = PBXBuildFile; fileRef = 224593E1208CA6BD007A7C08 /* ShelterResultsViewController.swift */; };
		224593E5208CB675007A7C08 /* CameraHandler.swift in Sources */ = {isa = PBXBuildFile; fileRef = 88F13964208C7DA300C819C2 /* CameraHandler.swift */; };
		224593E6208CB678007A7C08 /* BaseAlertViewController.swift in Sources */ = {isa = PBXBuildFile; fileRef = 88F1395F208C760300C819C2 /* BaseAlertViewController.swift */; };
		224593E7208CB689007A7C08 /* UIFont+Extension.swift in Sources */ = {isa = PBXBuildFile; fileRef = 88F13961208C775600C819C2 /* UIFont+Extension.swift */; };
		224593E8208CB694007A7C08 /* ProgressViewController.swift in Sources */ = {isa = PBXBuildFile; fileRef = 88F1395A208C708800C819C2 /* ProgressViewController.swift */; };
		7A12F02D2356DDB9820296D4 /* Pods_Levels_Shelter.framework in Frameworks */ = {isa = PBXBuildFile; fileRef = 224B030C840D23B1B83043B3 /* Pods_Levels_Shelter.framework */; };
		85C6F07B6FB08153603A65BD /* Pods_Levels.framework in Frameworks */ = {isa = PBXBuildFile; fileRef = 80C528AD5D296FC7890F3B61 /* Pods_Levels.framework */; };
		888494D2208B872E00B980C7 /* AppDelegate.swift in Sources */ = {isa = PBXBuildFile; fileRef = 888494D1208B872E00B980C7 /* AppDelegate.swift */; };
		888494D4208B872E00B980C7 /* art.scnassets in Resources */ = {isa = PBXBuildFile; fileRef = 888494D3208B872E00B980C7 /* art.scnassets */; };
		888494D6208B872E00B980C7 /* ARFloodViewController.swift in Sources */ = {isa = PBXBuildFile; fileRef = 888494D5208B872E00B980C7 /* ARFloodViewController.swift */; };
		888494D9208B872E00B980C7 /* Main.storyboard in Resources */ = {isa = PBXBuildFile; fileRef = 888494D7208B872E00B980C7 /* Main.storyboard */; };
		888494DB208B872F00B980C7 /* Assets.xcassets in Resources */ = {isa = PBXBuildFile; fileRef = 888494DA208B872F00B980C7 /* Assets.xcassets */; };
		888494DE208B872F00B980C7 /* LaunchScreen.storyboard in Resources */ = {isa = PBXBuildFile; fileRef = 888494DC208B872F00B980C7 /* LaunchScreen.storyboard */; };
		88F13928208C0A7600C819C2 /* NetworkService.swift in Sources */ = {isa = PBXBuildFile; fileRef = 88F13927208C0A7600C819C2 /* NetworkService.swift */; };
		88F1392A208C17CC00C819C2 /* KairosEnrollTransaction.swift in Sources */ = {isa = PBXBuildFile; fileRef = 88F13929208C17CC00C819C2 /* KairosEnrollTransaction.swift */; };
		88F1392C208C1A5C00C819C2 /* KairosAttributes.swift in Sources */ = {isa = PBXBuildFile; fileRef = 88F1392B208C1A5C00C819C2 /* KairosAttributes.swift */; };
		88F1392E208C1B8400C819C2 /* KairosEnrollImage.swift in Sources */ = {isa = PBXBuildFile; fileRef = 88F1392D208C1B8400C819C2 /* KairosEnrollImage.swift */; };
		88F13930208C1E9400C819C2 /* Kairos.swift in Sources */ = {isa = PBXBuildFile; fileRef = 88F1392F208C1E9400C819C2 /* Kairos.swift */; };
		88F13932208C1F1700C819C2 /* KairosEnrollResult.swift in Sources */ = {isa = PBXBuildFile; fileRef = 88F13931208C1F1700C819C2 /* KairosEnrollResult.swift */; };
		88F13934208C2F6600C819C2 /* KairosRecognizeResult.swift in Sources */ = {isa = PBXBuildFile; fileRef = 88F13933208C2F6600C819C2 /* KairosRecognizeResult.swift */; };
		88F13937208C3CAC00C819C2 /* MyFamily.storyboard in Resources */ = {isa = PBXBuildFile; fileRef = 88F13935208C3CAC00C819C2 /* MyFamily.storyboard */; };
		88F13939208C43A200C819C2 /* UIImageView+Extension.swift in Sources */ = {isa = PBXBuildFile; fileRef = 88F13938208C43A200C819C2 /* UIImageView+Extension.swift */; };
		88F1393C208C44E700C819C2 /* CircleImageView.swift in Sources */ = {isa = PBXBuildFile; fileRef = 88F1393B208C44E700C819C2 /* CircleImageView.swift */; };
		88F1393F208C4BE400C819C2 /* MyFriendCollectionViewLayout.swift in Sources */ = {isa = PBXBuildFile; fileRef = 88F1393E208C4BE400C819C2 /* MyFriendCollectionViewLayout.swift */; };
		88F13942208C4C8600C819C2 /* Resuable.swift in Sources */ = {isa = PBXBuildFile; fileRef = 88F13941208C4C8600C819C2 /* Resuable.swift */; };
		88F13944208C4D2200C819C2 /* UICollectionView+Extension.swift in Sources */ = {isa = PBXBuildFile; fileRef = 88F13943208C4D2200C819C2 /* UICollectionView+Extension.swift */; };
		88F13946208C4D5F00C819C2 /* Array+Extension.swift in Sources */ = {isa = PBXBuildFile; fileRef = 88F13945208C4D5F00C819C2 /* Array+Extension.swift */; };
		88F13949208C4E9200C819C2 /* FamilyMember.swift in Sources */ = {isa = PBXBuildFile; fileRef = 88F13948208C4E9200C819C2 /* FamilyMember.swift */; };
		88F1394B208C4F1400C819C2 /* BaseCollectionView.swift in Sources */ = {isa = PBXBuildFile; fileRef = 88F1394A208C4F1400C819C2 /* BaseCollectionView.swift */; };
		88F1394D208C4F5800C819C2 /* FamilyMemberCollectionViewCell.swift in Sources */ = {isa = PBXBuildFile; fileRef = 88F1394C208C4F5800C819C2 /* FamilyMemberCollectionViewCell.swift */; };
		88F1394F208C50D900C819C2 /* ImageAccess.swift in Sources */ = {isa = PBXBuildFile; fileRef = 88F1394E208C50D900C819C2 /* ImageAccess.swift */; };
		88F13951208C51B400C819C2 /* UIColor+Extension.swift in Sources */ = {isa = PBXBuildFile; fileRef = 88F13950208C51B400C819C2 /* UIColor+Extension.swift */; };
		88F13953208C554900C819C2 /* MyFamilyViewController.swift in Sources */ = {isa = PBXBuildFile; fileRef = 88F13952208C554900C819C2 /* MyFamilyViewController.swift */; };
		88F13955208C585300C819C2 /* familymembers.json in Resources */ = {isa = PBXBuildFile; fileRef = 88F13954208C585300C819C2 /* familymembers.json */; };
		88F13957208C5B1900C819C2 /* FamilyTracker.swift in Sources */ = {isa = PBXBuildFile; fileRef = 88F13956208C5B1900C819C2 /* FamilyTracker.swift */; };
		88F13959208C631900C819C2 /* UIView+Extension.swift in Sources */ = {isa = PBXBuildFile; fileRef = 88F13958208C631900C819C2 /* UIView+Extension.swift */; };
		88F1395B208C708800C819C2 /* ProgressViewController.swift in Sources */ = {isa = PBXBuildFile; fileRef = 88F1395A208C708800C819C2 /* ProgressViewController.swift */; };
		88F1395D208C70B300C819C2 /* Progress.storyboard in Resources */ = {isa = PBXBuildFile; fileRef = 88F1395C208C70B300C819C2 /* Progress.storyboard */; };
		88F13960208C760300C819C2 /* BaseAlertViewController.swift in Sources */ = {isa = PBXBuildFile; fileRef = 88F1395F208C760300C819C2 /* BaseAlertViewController.swift */; };
		88F13962208C775600C819C2 /* UIFont+Extension.swift in Sources */ = {isa = PBXBuildFile; fileRef = 88F13961208C775600C819C2 /* UIFont+Extension.swift */; };
		88F13965208C7DA300C819C2 /* CameraHandler.swift in Sources */ = {isa = PBXBuildFile; fileRef = 88F13964208C7DA300C819C2 /* CameraHandler.swift */; };
		A311C8156D5E8035AE6A00D9 /* Pods_Levels.framework in Frameworks */ = {isa = PBXBuildFile; fileRef = 80C528AD5D296FC7890F3B61 /* Pods_Levels.framework */; };
/* End PBXBuildFile section */

/* Begin PBXFileReference section */
		0F2D4BE875932E4C0210360A /* Pods-Levels.debug.xcconfig */ = {isa = PBXFileReference; includeInIndex = 1; lastKnownFileType = text.xcconfig; name = "Pods-Levels.debug.xcconfig"; path = "Pods/Target Support Files/Pods-Levels/Pods-Levels.debug.xcconfig"; sourceTree = "<group>"; };
		2208C7B5208BDC130025D22B /* UIStoryboard+Extension.swift */ = {isa = PBXFileReference; lastKnownFileType = sourcecode.swift; path = "UIStoryboard+Extension.swift"; sourceTree = "<group>"; };
		2208C7B7208BDC900025D22B /* UIViewController+Extension.swift */ = {isa = PBXFileReference; lastKnownFileType = sourcecode.swift; path = "UIViewController+Extension.swift"; sourceTree = "<group>"; };
		2208C7B9208BDD300025D22B /* SandbagCalculatorViewController.swift */ = {isa = PBXFileReference; lastKnownFileType = sourcecode.swift; path = SandbagCalculatorViewController.swift; sourceTree = "<group>"; };
		2208C7C1208C28D90025D22B /* Cloudinary.swift */ = {isa = PBXFileReference; lastKnownFileType = sourcecode.swift; path = Cloudinary.swift; sourceTree = "<group>"; };
		2208C7C3208C2FBC0025D22B /* UIView+Extension.swift */ = {isa = PBXFileReference; lastKnownFileType = sourcecode.swift; path = "UIView+Extension.swift"; sourceTree = "<group>"; };
		2208C7C6208C453D0025D22B /* Base */ = {isa = PBXFileReference; lastKnownFileType = file.storyboard; name = Base; path = Base.lproj/ShareImage.storyboard; sourceTree = "<group>"; };
		2208C7C8208C45FC0025D22B /* ShareImageViewController.swift */ = {isa = PBXFileReference; lastKnownFileType = sourcecode.swift; path = ShareImageViewController.swift; sourceTree = "<group>"; };
		2208C7CA208C49EB0025D22B /* UIStoryboardSegue+Extension.swift */ = {isa = PBXFileReference; lastKnownFileType = sourcecode.swift; path = "UIStoryboardSegue+Extension.swift"; sourceTree = "<group>"; };
		2208C80D208C8BAF0025D22B /* SandbagAttributes.swift */ = {isa = PBXFileReference; lastKnownFileType = sourcecode.swift; path = SandbagAttributes.swift; sourceTree = "<group>"; };
		2208C80F208C94D30025D22B /* ProcessInfo+Extension.swift */ = {isa = PBXFileReference; lastKnownFileType = sourcecode.swift; path = "ProcessInfo+Extension.swift"; sourceTree = "<group>"; };
		2208C843208C95130025D22B /* Shelter-Info.plist */ = {isa = PBXFileReference; lastKnownFileType = text.plist.xml; name = "Shelter-Info.plist"; path = "/Users/shaunbevan/Developer/Levels/Shelter-Info.plist"; sourceTree = "<absolute>"; };
		2208C845208C95B00025D22B /* Base */ = {isa = PBXFileReference; lastKnownFileType = file.storyboard; name = Base; path = Base.lproj/Shelter.storyboard; sourceTree = "<group>"; };
		2208C847208C95C20025D22B /* ShelterViewController.swift */ = {isa = PBXFileReference; lastKnownFileType = sourcecode.swift; path = ShelterViewController.swift; sourceTree = "<group>"; };
		224593AA208CA4E5007A7C08 /* PromiseKit.framework */ = {isa = PBXFileReference; explicitFileType = wrapper.framework; path = PromiseKit.framework; sourceTree = BUILT_PRODUCTS_DIR; };
		224593DE208CA507007A7C08 /* Shelter.app */ = {isa = PBXFileReference; explicitFileType = wrapper.application; includeInIndex = 0; path = Shelter.app; sourceTree = BUILT_PRODUCTS_DIR; };
		224593E1208CA6BD007A7C08 /* ShelterResultsViewController.swift */ = {isa = PBXFileReference; lastKnownFileType = sourcecode.swift; path = ShelterResultsViewController.swift; sourceTree = "<group>"; };
		224B030C840D23B1B83043B3 /* Pods_Levels_Shelter.framework */ = {isa = PBXFileReference; explicitFileType = wrapper.framework; includeInIndex = 0; path = Pods_Levels_Shelter.framework; sourceTree = BUILT_PRODUCTS_DIR; };
		505CFA900187F86A5C32DA5F /* Pods-Levels-Shelter.release.xcconfig */ = {isa = PBXFileReference; includeInIndex = 1; lastKnownFileType = text.xcconfig; name = "Pods-Levels-Shelter.release.xcconfig"; path = "Pods/Target Support Files/Pods-Levels-Shelter/Pods-Levels-Shelter.release.xcconfig"; sourceTree = "<group>"; };
		5CCD0A1444FBF1F886611A8E /* Pods-Levels-Shelter.debug.xcconfig */ = {isa = PBXFileReference; includeInIndex = 1; lastKnownFileType = text.xcconfig; name = "Pods-Levels-Shelter.debug.xcconfig"; path = "Pods/Target Support Files/Pods-Levels-Shelter/Pods-Levels-Shelter.debug.xcconfig"; sourceTree = "<group>"; };
		792801ABE163BC5B29A832FA /* Pods-Levels.release.xcconfig */ = {isa = PBXFileReference; includeInIndex = 1; lastKnownFileType = text.xcconfig; name = "Pods-Levels.release.xcconfig"; path = "Pods/Target Support Files/Pods-Levels/Pods-Levels.release.xcconfig"; sourceTree = "<group>"; };
		80C528AD5D296FC7890F3B61 /* Pods_Levels.framework */ = {isa = PBXFileReference; explicitFileType = wrapper.framework; includeInIndex = 0; path = Pods_Levels.framework; sourceTree = BUILT_PRODUCTS_DIR; };
		888494CE208B872E00B980C7 /* Levels.app */ = {isa = PBXFileReference; explicitFileType = wrapper.application; includeInIndex = 0; path = Levels.app; sourceTree = BUILT_PRODUCTS_DIR; };
		888494D1208B872E00B980C7 /* AppDelegate.swift */ = {isa = PBXFileReference; lastKnownFileType = sourcecode.swift; path = AppDelegate.swift; sourceTree = "<group>"; };
		888494D3208B872E00B980C7 /* art.scnassets */ = {isa = PBXFileReference; lastKnownFileType = wrapper.scnassets; path = art.scnassets; sourceTree = "<group>"; };
		888494D5208B872E00B980C7 /* ARFloodViewController.swift */ = {isa = PBXFileReference; lastKnownFileType = sourcecode.swift; path = ARFloodViewController.swift; sourceTree = "<group>"; };
		888494D8208B872E00B980C7 /* Base */ = {isa = PBXFileReference; lastKnownFileType = file.storyboard; name = Base; path = Base.lproj/Main.storyboard; sourceTree = "<group>"; };
		888494DA208B872F00B980C7 /* Assets.xcassets */ = {isa = PBXFileReference; lastKnownFileType = folder.assetcatalog; path = Assets.xcassets; sourceTree = "<group>"; };
		888494DD208B872F00B980C7 /* Base */ = {isa = PBXFileReference; lastKnownFileType = file.storyboard; name = Base; path = Base.lproj/LaunchScreen.storyboard; sourceTree = "<group>"; };
		888494DF208B872F00B980C7 /* Info.plist */ = {isa = PBXFileReference; lastKnownFileType = text.plist.xml; path = Info.plist; sourceTree = "<group>"; };
		888494F1208BB22500B980C7 /* WaterNode.swift */ = {isa = PBXFileReference; lastKnownFileType = sourcecode.swift; path = WaterNode.swift; sourceTree = "<group>"; };
		88F13927208C0A7600C819C2 /* NetworkService.swift */ = {isa = PBXFileReference; lastKnownFileType = sourcecode.swift; path = NetworkService.swift; sourceTree = "<group>"; };
		88F13929208C17CC00C819C2 /* KairosEnrollTransaction.swift */ = {isa = PBXFileReference; lastKnownFileType = sourcecode.swift; path = KairosEnrollTransaction.swift; sourceTree = "<group>"; };
		88F1392B208C1A5C00C819C2 /* KairosAttributes.swift */ = {isa = PBXFileReference; lastKnownFileType = sourcecode.swift; path = KairosAttributes.swift; sourceTree = "<group>"; };
		88F1392D208C1B8400C819C2 /* KairosEnrollImage.swift */ = {isa = PBXFileReference; lastKnownFileType = sourcecode.swift; path = KairosEnrollImage.swift; sourceTree = "<group>"; };
		88F1392F208C1E9400C819C2 /* Kairos.swift */ = {isa = PBXFileReference; lastKnownFileType = sourcecode.swift; path = Kairos.swift; sourceTree = "<group>"; };
		88F13931208C1F1700C819C2 /* KairosEnrollResult.swift */ = {isa = PBXFileReference; lastKnownFileType = sourcecode.swift; path = KairosEnrollResult.swift; sourceTree = "<group>"; };
		88F13933208C2F6600C819C2 /* KairosRecognizeResult.swift */ = {isa = PBXFileReference; lastKnownFileType = sourcecode.swift; path = KairosRecognizeResult.swift; sourceTree = "<group>"; };
		88F13936208C3CAC00C819C2 /* Base */ = {isa = PBXFileReference; lastKnownFileType = file.storyboard; name = Base; path = Base.lproj/MyFamily.storyboard; sourceTree = "<group>"; };
		88F13938208C43A200C819C2 /* UIImageView+Extension.swift */ = {isa = PBXFileReference; lastKnownFileType = sourcecode.swift; path = "UIImageView+Extension.swift"; sourceTree = "<group>"; };
		88F1393B208C44E700C819C2 /* CircleImageView.swift */ = {isa = PBXFileReference; lastKnownFileType = sourcecode.swift; path = CircleImageView.swift; sourceTree = "<group>"; };
		88F1393E208C4BE400C819C2 /* MyFriendCollectionViewLayout.swift */ = {isa = PBXFileReference; lastKnownFileType = sourcecode.swift; path = MyFriendCollectionViewLayout.swift; sourceTree = "<group>"; };
		88F13941208C4C8600C819C2 /* Resuable.swift */ = {isa = PBXFileReference; lastKnownFileType = sourcecode.swift; path = Resuable.swift; sourceTree = "<group>"; };
		88F13943208C4D2200C819C2 /* UICollectionView+Extension.swift */ = {isa = PBXFileReference; lastKnownFileType = sourcecode.swift; path = "UICollectionView+Extension.swift"; sourceTree = "<group>"; };
		88F13945208C4D5F00C819C2 /* Array+Extension.swift */ = {isa = PBXFileReference; lastKnownFileType = sourcecode.swift; path = "Array+Extension.swift"; sourceTree = "<group>"; };
		88F13948208C4E9200C819C2 /* FamilyMember.swift */ = {isa = PBXFileReference; lastKnownFileType = sourcecode.swift; path = FamilyMember.swift; sourceTree = "<group>"; };
		88F1394A208C4F1400C819C2 /* BaseCollectionView.swift */ = {isa = PBXFileReference; lastKnownFileType = sourcecode.swift; path = BaseCollectionView.swift; sourceTree = "<group>"; };
		88F1394C208C4F5800C819C2 /* FamilyMemberCollectionViewCell.swift */ = {isa = PBXFileReference; lastKnownFileType = sourcecode.swift; path = FamilyMemberCollectionViewCell.swift; sourceTree = "<group>"; };
		88F1394E208C50D900C819C2 /* ImageAccess.swift */ = {isa = PBXFileReference; lastKnownFileType = sourcecode.swift; path = ImageAccess.swift; sourceTree = "<group>"; };
		88F13950208C51B400C819C2 /* UIColor+Extension.swift */ = {isa = PBXFileReference; lastKnownFileType = sourcecode.swift; path = "UIColor+Extension.swift"; sourceTree = "<group>"; };
		88F13952208C554900C819C2 /* MyFamilyViewController.swift */ = {isa = PBXFileReference; lastKnownFileType = sourcecode.swift; path = MyFamilyViewController.swift; sourceTree = "<group>"; };
		88F13954208C585300C819C2 /* familymembers.json */ = {isa = PBXFileReference; lastKnownFileType = text.json; path = familymembers.json; sourceTree = "<group>"; };
		88F13956208C5B1900C819C2 /* FamilyTracker.swift */ = {isa = PBXFileReference; lastKnownFileType = sourcecode.swift; path = FamilyTracker.swift; sourceTree = "<group>"; };
		88F13958208C631900C819C2 /* UIView+Extension.swift */ = {isa = PBXFileReference; lastKnownFileType = sourcecode.swift; path = "UIView+Extension.swift"; sourceTree = "<group>"; };
		88F1395A208C708800C819C2 /* ProgressViewController.swift */ = {isa = PBXFileReference; lastKnownFileType = sourcecode.swift; path = ProgressViewController.swift; sourceTree = "<group>"; };
		88F1395C208C70B300C819C2 /* Progress.storyboard */ = {isa = PBXFileReference; lastKnownFileType = file.storyboard; path = Progress.storyboard; sourceTree = "<group>"; };
		88F1395F208C760300C819C2 /* BaseAlertViewController.swift */ = {isa = PBXFileReference; lastKnownFileType = sourcecode.swift; path = BaseAlertViewController.swift; sourceTree = "<group>"; };
		88F13961208C775600C819C2 /* UIFont+Extension.swift */ = {isa = PBXFileReference; lastKnownFileType = sourcecode.swift; path = "UIFont+Extension.swift"; sourceTree = "<group>"; };
		88F13964208C7DA300C819C2 /* CameraHandler.swift */ = {isa = PBXFileReference; lastKnownFileType = sourcecode.swift; path = CameraHandler.swift; sourceTree = "<group>"; };
/* End PBXFileReference section */

/* Begin PBXFrameworksBuildPhase section */
		224593D0208CA507007A7C08 /* Frameworks */ = {
			isa = PBXFrameworksBuildPhase;
			buildActionMask = 2147483647;
			files = (
				7A12F02D2356DDB9820296D4 /* Pods_Levels_Shelter.framework in Frameworks */,
			);
			runOnlyForDeploymentPostprocessing = 0;
		};
		888494CB208B872E00B980C7 /* Frameworks */ = {
			isa = PBXFrameworksBuildPhase;
			buildActionMask = 2147483647;
			files = (
				85C6F07B6FB08153603A65BD /* Pods_Levels.framework in Frameworks */,
				A311C8156D5E8035AE6A00D9 /* Pods_Levels.framework in Frameworks */,
			);
			runOnlyForDeploymentPostprocessing = 0;
		};
/* End PBXFrameworksBuildPhase section */

/* Begin PBXGroup section */
		2208C7D0208C6D200025D22B /* Recovered References */ = {
			isa = PBXGroup;
			children = (
				2208C7C3208C2FBC0025D22B /* UIView+Extension.swift */,
			);
			name = "Recovered References";
			sourceTree = "<group>";
		};
		419F5AB9F3A709C7DF472FD6 /* Pods */ = {
			isa = PBXGroup;
			children = (
				0F2D4BE875932E4C0210360A /* Pods-Levels.debug.xcconfig */,
				792801ABE163BC5B29A832FA /* Pods-Levels.release.xcconfig */,
				5CCD0A1444FBF1F886611A8E /* Pods-Levels-Shelter.debug.xcconfig */,
				505CFA900187F86A5C32DA5F /* Pods-Levels-Shelter.release.xcconfig */,
			);
			name = Pods;
			sourceTree = "<group>";
		};
		67F0EDC3C08D35665E93CA6E /* Frameworks */ = {
			isa = PBXGroup;
			children = (
				224593AA208CA4E5007A7C08 /* PromiseKit.framework */,
				80C528AD5D296FC7890F3B61 /* Pods_Levels.framework */,
				224B030C840D23B1B83043B3 /* Pods_Levels_Shelter.framework */,
			);
			name = Frameworks;
			sourceTree = "<group>";
		};
		888494C5208B872E00B980C7 = {
			isa = PBXGroup;
			children = (
				888494D0208B872E00B980C7 /* Levels */,
				888494CF208B872E00B980C7 /* Products */,
				419F5AB9F3A709C7DF472FD6 /* Pods */,
				67F0EDC3C08D35665E93CA6E /* Frameworks */,
				2208C7D0208C6D200025D22B /* Recovered References */,
				2208C843208C95130025D22B /* Shelter-Info.plist */,
			);
			sourceTree = "<group>";
		};
		888494CF208B872E00B980C7 /* Products */ = {
			isa = PBXGroup;
			children = (
				888494CE208B872E00B980C7 /* Levels.app */,
				224593DE208CA507007A7C08 /* Shelter.app */,
			);
			name = Products;
			sourceTree = "<group>";
		};
		888494D0208B872E00B980C7 /* Levels */ = {
			isa = PBXGroup;
			children = (
				888494E8208B875B00B980C7 /* UILayer */,
				888494E7208B874F00B980C7 /* BusinessLayer */,
				888494E6208B874800B980C7 /* ServiceLayer */,
				888494F3208BC16400B980C7 /* Extensions */,
				88F13940208C4C6800C819C2 /* Protocols */,
				888494D1208B872E00B980C7 /* AppDelegate.swift */,
				888494D3208B872E00B980C7 /* art.scnassets */,
				888494DA208B872F00B980C7 /* Assets.xcassets */,
				888494DF208B872F00B980C7 /* Info.plist */,
				88F13954208C585300C819C2 /* familymembers.json */,
			);
			path = Levels;
			sourceTree = "<group>";
		};
		888494E6208B874800B980C7 /* ServiceLayer */ = {
			isa = PBXGroup;
			children = (
				888494EE208B87F500B980C7 /* Networking */,
			);
			path = ServiceLayer;
			sourceTree = "<group>";
		};
		888494E7208B874F00B980C7 /* BusinessLayer */ = {
			isa = PBXGroup;
			children = (
				888494ED208B87E200B980C7 /* BusinessLogic */,
				888494EC208B87D800B980C7 /* Entities */,
			);
			path = BusinessLayer;
			sourceTree = "<group>";
		};
		888494E8208B875B00B980C7 /* UILayer */ = {
			isa = PBXGroup;
			children = (
				888494EB208B878800B980C7 /* ViewControllers */,
				888494EA208B878200B980C7 /* Subviews */,
				888494E9208B876E00B980C7 /* Storyboards */,
			);
			path = UILayer;
			sourceTree = "<group>";
		};
		888494E9208B876E00B980C7 /* Storyboards */ = {
			isa = PBXGroup;
			children = (
				888494D7208B872E00B980C7 /* Main.storyboard */,
				888494DC208B872F00B980C7 /* LaunchScreen.storyboard */,
				88F13935208C3CAC00C819C2 /* MyFamily.storyboard */,
				2208C7C5208C453D0025D22B /* ShareImage.storyboard */,
				88F1395C208C70B300C819C2 /* Progress.storyboard */,
				2208C844208C95B00025D22B /* Shelter.storyboard */,
			);
			path = Storyboards;
			sourceTree = "<group>";
		};
		888494EA208B878200B980C7 /* Subviews */ = {
			isa = PBXGroup;
			children = (
				88F13963208C7D8B00C819C2 /* CameraHandler */,
				88F1395E208C75EB00C819C2 /* UIAlertViewControllers */,
				88F13947208C4D7F00C819C2 /* UICollectionViewCells */,
				88F1393D208C4BB400C819C2 /* UICollectionViewVerticalFlowLayout */,
				88F1393A208C44BB00C819C2 /* UIImageViews */,
				888494F0208BB15D00B980C7 /* SCNNodes */,
			);
			path = Subviews;
			sourceTree = "<group>";
		};
		888494EB208B878800B980C7 /* ViewControllers */ = {
			isa = PBXGroup;
			children = (
				888494D5208B872E00B980C7 /* ARFloodViewController.swift */,
				2208C7B9208BDD300025D22B /* SandbagCalculatorViewController.swift */,
				88F13952208C554900C819C2 /* MyFamilyViewController.swift */,
				2208C7C8208C45FC0025D22B /* ShareImageViewController.swift */,
				88F1395A208C708800C819C2 /* ProgressViewController.swift */,
				2208C847208C95C20025D22B /* ShelterViewController.swift */,
				224593E1208CA6BD007A7C08 /* ShelterResultsViewController.swift */,
			);
			path = ViewControllers;
			sourceTree = "<group>";
		};
		888494EC208B87D800B980C7 /* Entities */ = {
			isa = PBXGroup;
			children = (
				88F13929208C17CC00C819C2 /* KairosEnrollTransaction.swift */,
				88F1392B208C1A5C00C819C2 /* KairosAttributes.swift */,
				88F1392D208C1B8400C819C2 /* KairosEnrollImage.swift */,
				88F13931208C1F1700C819C2 /* KairosEnrollResult.swift */,
				88F13933208C2F6600C819C2 /* KairosRecognizeResult.swift */,
				88F13948208C4E9200C819C2 /* FamilyMember.swift */,
				2208C80D208C8BAF0025D22B /* SandbagAttributes.swift */,
			);
			path = Entities;
			sourceTree = "<group>";
		};
		888494ED208B87E200B980C7 /* BusinessLogic */ = {
			isa = PBXGroup;
			children = (
				88F1392F208C1E9400C819C2 /* Kairos.swift */,
				88F13956208C5B1900C819C2 /* FamilyTracker.swift */,
				2208C7C1208C28D90025D22B /* Cloudinary.swift */,
			);
			path = BusinessLogic;
			sourceTree = "<group>";
		};
		888494EE208B87F500B980C7 /* Networking */ = {
			isa = PBXGroup;
			children = (
				88F13927208C0A7600C819C2 /* NetworkService.swift */,
			);
			path = Networking;
			sourceTree = "<group>";
		};
		888494F0208BB15D00B980C7 /* SCNNodes */ = {
			isa = PBXGroup;
			children = (
				888494F1208BB22500B980C7 /* WaterNode.swift */,
			);
			path = SCNNodes;
			sourceTree = "<group>";
		};
		888494F3208BC16400B980C7 /* Extensions */ = {
			isa = PBXGroup;
			children = (
				2208C7B5208BDC130025D22B /* UIStoryboard+Extension.swift */,
				2208C7B7208BDC900025D22B /* UIViewController+Extension.swift */,
				88F13938208C43A200C819C2 /* UIImageView+Extension.swift */,
				88F13943208C4D2200C819C2 /* UICollectionView+Extension.swift */,
				88F13945208C4D5F00C819C2 /* Array+Extension.swift */,
				88F13950208C51B400C819C2 /* UIColor+Extension.swift */,
				88F13958208C631900C819C2 /* UIView+Extension.swift */,
				2208C7CA208C49EB0025D22B /* UIStoryboardSegue+Extension.swift */,
				88F13961208C775600C819C2 /* UIFont+Extension.swift */,
				2208C80F208C94D30025D22B /* ProcessInfo+Extension.swift */,
			);
			path = Extensions;
			sourceTree = "<group>";
		};
		88F1393A208C44BB00C819C2 /* UIImageViews */ = {
			isa = PBXGroup;
			children = (
				88F1393B208C44E700C819C2 /* CircleImageView.swift */,
			);
			path = UIImageViews;
			sourceTree = "<group>";
		};
		88F1393D208C4BB400C819C2 /* UICollectionViewVerticalFlowLayout */ = {
			isa = PBXGroup;
			children = (
				88F1393E208C4BE400C819C2 /* MyFriendCollectionViewLayout.swift */,
			);
			path = UICollectionViewVerticalFlowLayout;
			sourceTree = "<group>";
		};
		88F13940208C4C6800C819C2 /* Protocols */ = {
			isa = PBXGroup;
			children = (
				88F13941208C4C8600C819C2 /* Resuable.swift */,
				88F1394E208C50D900C819C2 /* ImageAccess.swift */,
			);
			path = Protocols;
			sourceTree = "<group>";
		};
		88F13947208C4D7F00C819C2 /* UICollectionViewCells */ = {
			isa = PBXGroup;
			children = (
				88F1394A208C4F1400C819C2 /* BaseCollectionView.swift */,
				88F1394C208C4F5800C819C2 /* FamilyMemberCollectionViewCell.swift */,
			);
			path = UICollectionViewCells;
			sourceTree = "<group>";
		};
		88F1395E208C75EB00C819C2 /* UIAlertViewControllers */ = {
			isa = PBXGroup;
			children = (
				88F1395F208C760300C819C2 /* BaseAlertViewController.swift */,
			);
			path = UIAlertViewControllers;
			sourceTree = "<group>";
		};
		88F13963208C7D8B00C819C2 /* CameraHandler */ = {
			isa = PBXGroup;
			children = (
				88F13964208C7DA300C819C2 /* CameraHandler.swift */,
			);
			path = CameraHandler;
			sourceTree = "<group>";
		};
/* End PBXGroup section */

/* Begin PBXNativeTarget section */
		224593AC208CA507007A7C08 /* Shelter */ = {
			isa = PBXNativeTarget;
			buildConfigurationList = 224593DB208CA507007A7C08 /* Build configuration list for PBXNativeTarget "Shelter" */;
			buildPhases = (
				6D41EA1FA9936E89171AADCE /* [CP] Check Pods Manifest.lock */,
				224593AE208CA507007A7C08 /* Sources */,
				224593D0208CA507007A7C08 /* Frameworks */,
				224593D2208CA507007A7C08 /* Resources */,
				CD3E7EE471853E802A02F043 /* [CP] Embed Pods Frameworks */,
			);
			buildRules = (
			);
			dependencies = (
			);
			name = Shelter;
			productName = Levels;
			productReference = 224593DE208CA507007A7C08 /* Shelter.app */;
			productType = "com.apple.product-type.application";
		};
		888494CD208B872E00B980C7 /* Levels */ = {
			isa = PBXNativeTarget;
			buildConfigurationList = 888494E2208B872F00B980C7 /* Build configuration list for PBXNativeTarget "Levels" */;
			buildPhases = (
				6831E130A0EB83B6D5C20FBF /* [CP] Check Pods Manifest.lock */,
				888494CA208B872E00B980C7 /* Sources */,
				888494CB208B872E00B980C7 /* Frameworks */,
				888494CC208B872E00B980C7 /* Resources */,
				80C7DBB85574351186D7507D /* [CP] Embed Pods Frameworks */,
			);
			buildRules = (
			);
			dependencies = (
			);
			name = Levels;
			productName = Levels;
			productReference = 888494CE208B872E00B980C7 /* Levels.app */;
			productType = "com.apple.product-type.application";
		};
/* End PBXNativeTarget section */

/* Begin PBXProject section */
		888494C6208B872E00B980C7 /* Project object */ = {
			isa = PBXProject;
			attributes = {
				LastSwiftUpdateCheck = 0930;
				LastUpgradeCheck = 0930;
				ORGANIZATIONNAME = "The SilverLogic";
				TargetAttributes = {
					888494CD208B872E00B980C7 = {
						CreatedOnToolsVersion = 9.3;
					};
				};
			};
			buildConfigurationList = 888494C9208B872E00B980C7 /* Build configuration list for PBXProject "Levels" */;
			compatibilityVersion = "Xcode 9.3";
			developmentRegion = en;
			hasScannedForEncodings = 0;
			knownRegions = (
				en,
				Base,
			);
			mainGroup = 888494C5208B872E00B980C7;
			productRefGroup = 888494CF208B872E00B980C7 /* Products */;
			projectDirPath = "";
			projectRoot = "";
			targets = (
				888494CD208B872E00B980C7 /* Levels */,
				224593AC208CA507007A7C08 /* Shelter */,
			);
		};
/* End PBXProject section */

/* Begin PBXResourcesBuildPhase section */
		224593D2208CA507007A7C08 /* Resources */ = {
			isa = PBXResourcesBuildPhase;
			buildActionMask = 2147483647;
			files = (
				224593E0208CA5EF007A7C08 /* Shelter.storyboard in Resources */,
				224593D3208CA507007A7C08 /* MyFamily.storyboard in Resources */,
				224593D4208CA507007A7C08 /* art.scnassets in Resources */,
				224593D5208CA507007A7C08 /* LaunchScreen.storyboard in Resources */,
				224593D6208CA507007A7C08 /* familymembers.json in Resources */,
				224593D7208CA507007A7C08 /* ShareImage.storyboard in Resources */,
				224593D8208CA507007A7C08 /* Assets.xcassets in Resources */,
				224593D9208CA507007A7C08 /* Main.storyboard in Resources */,
			);
			runOnlyForDeploymentPostprocessing = 0;
		};
		888494CC208B872E00B980C7 /* Resources */ = {
			isa = PBXResourcesBuildPhase;
			buildActionMask = 2147483647;
			files = (
				88F13937208C3CAC00C819C2 /* MyFamily.storyboard in Resources */,
				888494D4208B872E00B980C7 /* art.scnassets in Resources */,
				888494DE208B872F00B980C7 /* LaunchScreen.storyboard in Resources */,
				88F13955208C585300C819C2 /* familymembers.json in Resources */,
				2208C7C7208C453D0025D22B /* ShareImage.storyboard in Resources */,
				888494DB208B872F00B980C7 /* Assets.xcassets in Resources */,
				888494D9208B872E00B980C7 /* Main.storyboard in Resources */,
				88F1395D208C70B300C819C2 /* Progress.storyboard in Resources */,
			);
			runOnlyForDeploymentPostprocessing = 0;
		};
/* End PBXResourcesBuildPhase section */

/* Begin PBXShellScriptBuildPhase section */
		6831E130A0EB83B6D5C20FBF /* [CP] Check Pods Manifest.lock */ = {
			isa = PBXShellScriptBuildPhase;
			buildActionMask = 2147483647;
			files = (
			);
			inputPaths = (
				"${PODS_PODFILE_DIR_PATH}/Podfile.lock",
				"${PODS_ROOT}/Manifest.lock",
			);
			name = "[CP] Check Pods Manifest.lock";
			outputPaths = (
				"$(DERIVED_FILE_DIR)/Pods-Levels-checkManifestLockResult.txt",
			);
			runOnlyForDeploymentPostprocessing = 0;
			shellPath = /bin/sh;
			shellScript = "diff \"${PODS_PODFILE_DIR_PATH}/Podfile.lock\" \"${PODS_ROOT}/Manifest.lock\" > /dev/null\nif [ $? != 0 ] ; then\n    # print error to STDERR\n    echo \"error: The sandbox is not in sync with the Podfile.lock. Run 'pod install' or update your CocoaPods installation.\" >&2\n    exit 1\nfi\n# This output is used by Xcode 'outputs' to avoid re-running this script phase.\necho \"SUCCESS\" > \"${SCRIPT_OUTPUT_FILE_0}\"\n";
			showEnvVarsInLog = 0;
		};
		6D41EA1FA9936E89171AADCE /* [CP] Check Pods Manifest.lock */ = {
			isa = PBXShellScriptBuildPhase;
			buildActionMask = 2147483647;
			files = (
			);
			inputPaths = (
				"${PODS_PODFILE_DIR_PATH}/Podfile.lock",
				"${PODS_ROOT}/Manifest.lock",
			);
			name = "[CP] Check Pods Manifest.lock";
			outputPaths = (
				"$(DERIVED_FILE_DIR)/Pods-Levels-Shelter-checkManifestLockResult.txt",
			);
			runOnlyForDeploymentPostprocessing = 0;
			shellPath = /bin/sh;
			shellScript = "diff \"${PODS_PODFILE_DIR_PATH}/Podfile.lock\" \"${PODS_ROOT}/Manifest.lock\" > /dev/null\nif [ $? != 0 ] ; then\n    # print error to STDERR\n    echo \"error: The sandbox is not in sync with the Podfile.lock. Run 'pod install' or update your CocoaPods installation.\" >&2\n    exit 1\nfi\n# This output is used by Xcode 'outputs' to avoid re-running this script phase.\necho \"SUCCESS\" > \"${SCRIPT_OUTPUT_FILE_0}\"\n";
			showEnvVarsInLog = 0;
		};
		80C7DBB85574351186D7507D /* [CP] Embed Pods Frameworks */ = {
			isa = PBXShellScriptBuildPhase;
			buildActionMask = 2147483647;
			files = (
			);
			inputPaths = (
				"${SRCROOT}/Pods/Target Support Files/Pods-Levels/Pods-Levels-frameworks.sh",
				"${BUILT_PRODUCTS_DIR}/Alamofire/Alamofire.framework",
				"${BUILT_PRODUCTS_DIR}/AlertTransition/AlertTransition.framework",
				"${BUILT_PRODUCTS_DIR}/Cloudinary/Cloudinary.framework",
				"${BUILT_PRODUCTS_DIR}/CodableAlamofire/CodableAlamofire.framework",
				"${BUILT_PRODUCTS_DIR}/Kingfisher/Kingfisher.framework",
				"${BUILT_PRODUCTS_DIR}/Presentr/Presentr.framework",
				"${BUILT_PRODUCTS_DIR}/PromiseKit/PromiseKit.framework",
				"${BUILT_PRODUCTS_DIR}/SCLAlertView/SCLAlertView.framework",
				"${BUILT_PRODUCTS_DIR}/UITextField+Shake/UITextField_Shake.framework",
				"${BUILT_PRODUCTS_DIR}/VerticalSteppedSlider/VerticalSteppedSlider.framework",
			);
			name = "[CP] Embed Pods Frameworks";
			outputPaths = (
				"${TARGET_BUILD_DIR}/${FRAMEWORKS_FOLDER_PATH}/Alamofire.framework",
				"${TARGET_BUILD_DIR}/${FRAMEWORKS_FOLDER_PATH}/AlertTransition.framework",
				"${TARGET_BUILD_DIR}/${FRAMEWORKS_FOLDER_PATH}/Cloudinary.framework",
				"${TARGET_BUILD_DIR}/${FRAMEWORKS_FOLDER_PATH}/CodableAlamofire.framework",
				"${TARGET_BUILD_DIR}/${FRAMEWORKS_FOLDER_PATH}/Kingfisher.framework",
				"${TARGET_BUILD_DIR}/${FRAMEWORKS_FOLDER_PATH}/Presentr.framework",
				"${TARGET_BUILD_DIR}/${FRAMEWORKS_FOLDER_PATH}/PromiseKit.framework",
				"${TARGET_BUILD_DIR}/${FRAMEWORKS_FOLDER_PATH}/SCLAlertView.framework",
				"${TARGET_BUILD_DIR}/${FRAMEWORKS_FOLDER_PATH}/UITextField_Shake.framework",
				"${TARGET_BUILD_DIR}/${FRAMEWORKS_FOLDER_PATH}/VerticalSteppedSlider.framework",
			);
			runOnlyForDeploymentPostprocessing = 0;
			shellPath = /bin/sh;
			shellScript = "\"${SRCROOT}/Pods/Target Support Files/Pods-Levels/Pods-Levels-frameworks.sh\"\n";
			showEnvVarsInLog = 0;
		};
		CD3E7EE471853E802A02F043 /* [CP] Embed Pods Frameworks */ = {
			isa = PBXShellScriptBuildPhase;
			buildActionMask = 2147483647;
			files = (
			);
			inputPaths = (
				"${SRCROOT}/Pods/Target Support Files/Pods-Levels-Shelter/Pods-Levels-Shelter-frameworks.sh",
				"${BUILT_PRODUCTS_DIR}/Alamofire/Alamofire.framework",
				"${BUILT_PRODUCTS_DIR}/AlertTransition/AlertTransition.framework",
				"${BUILT_PRODUCTS_DIR}/Cloudinary/Cloudinary.framework",
				"${BUILT_PRODUCTS_DIR}/CodableAlamofire/CodableAlamofire.framework",
				"${BUILT_PRODUCTS_DIR}/Kingfisher/Kingfisher.framework",
				"${BUILT_PRODUCTS_DIR}/Presentr/Presentr.framework",
				"${BUILT_PRODUCTS_DIR}/PromiseKit/PromiseKit.framework",
				"${BUILT_PRODUCTS_DIR}/SCLAlertView/SCLAlertView.framework",
				"${BUILT_PRODUCTS_DIR}/UITextField+Shake/UITextField_Shake.framework",
				"${BUILT_PRODUCTS_DIR}/VerticalSteppedSlider/VerticalSteppedSlider.framework",
			);
			name = "[CP] Embed Pods Frameworks";
			outputPaths = (
				"${TARGET_BUILD_DIR}/${FRAMEWORKS_FOLDER_PATH}/Alamofire.framework",
				"${TARGET_BUILD_DIR}/${FRAMEWORKS_FOLDER_PATH}/AlertTransition.framework",
				"${TARGET_BUILD_DIR}/${FRAMEWORKS_FOLDER_PATH}/Cloudinary.framework",
				"${TARGET_BUILD_DIR}/${FRAMEWORKS_FOLDER_PATH}/CodableAlamofire.framework",
				"${TARGET_BUILD_DIR}/${FRAMEWORKS_FOLDER_PATH}/Kingfisher.framework",
				"${TARGET_BUILD_DIR}/${FRAMEWORKS_FOLDER_PATH}/Presentr.framework",
				"${TARGET_BUILD_DIR}/${FRAMEWORKS_FOLDER_PATH}/PromiseKit.framework",
				"${TARGET_BUILD_DIR}/${FRAMEWORKS_FOLDER_PATH}/SCLAlertView.framework",
				"${TARGET_BUILD_DIR}/${FRAMEWORKS_FOLDER_PATH}/UITextField_Shake.framework",
				"${TARGET_BUILD_DIR}/${FRAMEWORKS_FOLDER_PATH}/VerticalSteppedSlider.framework",
			);
			runOnlyForDeploymentPostprocessing = 0;
			shellPath = /bin/sh;
			shellScript = "\"${SRCROOT}/Pods/Target Support Files/Pods-Levels-Shelter/Pods-Levels-Shelter-frameworks.sh\"\n";
			showEnvVarsInLog = 0;
		};
/* End PBXShellScriptBuildPhase section */

/* Begin PBXSourcesBuildPhase section */
		224593AE208CA507007A7C08 /* Sources */ = {
			isa = PBXSourcesBuildPhase;
			buildActionMask = 2147483647;
			files = (
				224593AF208CA507007A7C08 /* UICollectionView+Extension.swift in Sources */,
				224593B0208CA507007A7C08 /* ImageAccess.swift in Sources */,
				224593B1208CA507007A7C08 /* MyFriendCollectionViewLayout.swift in Sources */,
				224593B2208CA507007A7C08 /* Kairos.swift in Sources */,
				224593B3208CA507007A7C08 /* SandbagAttributes.swift in Sources */,
				224593B4208CA507007A7C08 /* FamilyTracker.swift in Sources */,
				224593B5208CA507007A7C08 /* KairosEnrollImage.swift in Sources */,
				224593B6208CA507007A7C08 /* Resuable.swift in Sources */,
				224593B7208CA507007A7C08 /* UIImageView+Extension.swift in Sources */,
				224593B8208CA507007A7C08 /* ProcessInfo+Extension.swift in Sources */,
				224593B9208CA507007A7C08 /* FamilyMemberCollectionViewCell.swift in Sources */,
				224593E8208CB694007A7C08 /* ProgressViewController.swift in Sources */,
				224593BA208CA507007A7C08 /* KairosAttributes.swift in Sources */,
				224593E7208CB689007A7C08 /* UIFont+Extension.swift in Sources */,
				224593BB208CA507007A7C08 /* KairosEnrollResult.swift in Sources */,
				224593E3208CA6BF007A7C08 /* ShelterResultsViewController.swift in Sources */,
				224593BC208CA507007A7C08 /* WaterNode.swift in Sources */,
				224593BD208CA507007A7C08 /* UIView+Extension.swift in Sources */,
				224593BE208CA507007A7C08 /* KairosEnrollTransaction.swift in Sources */,
				224593BF208CA507007A7C08 /* ARFloodViewController.swift in Sources */,
				224593C0208CA507007A7C08 /* Array+Extension.swift in Sources */,
				224593C1208CA507007A7C08 /* ShelterViewController.swift in Sources */,
				224593C2208CA507007A7C08 /* Cloudinary.swift in Sources */,
				224593E5208CB675007A7C08 /* CameraHandler.swift in Sources */,
				224593E6208CB678007A7C08 /* BaseAlertViewController.swift in Sources */,
				224593C3208CA507007A7C08 /* SandbagCalculatorViewController.swift in Sources */,
				224593C4208CA507007A7C08 /* UIColor+Extension.swift in Sources */,
				224593C5208CA507007A7C08 /* KairosRecognizeResult.swift in Sources */,
				224593C6208CA507007A7C08 /* BaseCollectionView.swift in Sources */,
				224593C7208CA507007A7C08 /* UIStoryboard+Extension.swift in Sources */,
				224593C8208CA507007A7C08 /* UIViewController+Extension.swift in Sources */,
				224593C9208CA507007A7C08 /* AppDelegate.swift in Sources */,
				224593CA208CA507007A7C08 /* CircleImageView.swift in Sources */,
				224593CB208CA507007A7C08 /* NetworkService.swift in Sources */,
				224593CC208CA507007A7C08 /* MyFamilyViewController.swift in Sources */,
				224593CD208CA507007A7C08 /* FamilyMember.swift in Sources */,
				224593CE208CA507007A7C08 /* ShareImageViewController.swift in Sources */,
				224593CF208CA507007A7C08 /* UIStoryboardSegue+Extension.swift in Sources */,
			);
			runOnlyForDeploymentPostprocessing = 0;
		};
		888494CA208B872E00B980C7 /* Sources */ = {
			isa = PBXSourcesBuildPhase;
			buildActionMask = 2147483647;
			files = (
				88F13944208C4D2200C819C2 /* UICollectionView+Extension.swift in Sources */,
				88F1394F208C50D900C819C2 /* ImageAccess.swift in Sources */,
				88F1393F208C4BE400C819C2 /* MyFriendCollectionViewLayout.swift in Sources */,
				88F13930208C1E9400C819C2 /* Kairos.swift in Sources */,
				2208C80E208C8BAF0025D22B /* SandbagAttributes.swift in Sources */,
				88F13957208C5B1900C819C2 /* FamilyTracker.swift in Sources */,
				88F1392E208C1B8400C819C2 /* KairosEnrollImage.swift in Sources */,
				88F13942208C4C8600C819C2 /* Resuable.swift in Sources */,
				88F13939208C43A200C819C2 /* UIImageView+Extension.swift in Sources */,
				2208C810208C94D30025D22B /* ProcessInfo+Extension.swift in Sources */,
				88F1394D208C4F5800C819C2 /* FamilyMemberCollectionViewCell.swift in Sources */,
				88F1392C208C1A5C00C819C2 /* KairosAttributes.swift in Sources */,
				88F13960208C760300C819C2 /* BaseAlertViewController.swift in Sources */,
				88F13932208C1F1700C819C2 /* KairosEnrollResult.swift in Sources */,
				88F1395B208C708800C819C2 /* ProgressViewController.swift in Sources */,
				88F13965208C7DA300C819C2 /* CameraHandler.swift in Sources */,
				224593E4208CA6C5007A7C08 /* ShelterResultsViewController.swift in Sources */,
				2208C7BB208BE8180025D22B /* WaterNode.swift in Sources */,
				88F13959208C631900C819C2 /* UIView+Extension.swift in Sources */,
				88F1392A208C17CC00C819C2 /* KairosEnrollTransaction.swift in Sources */,
				888494D6208B872E00B980C7 /* ARFloodViewController.swift in Sources */,
				88F13946208C4D5F00C819C2 /* Array+Extension.swift in Sources */,
				2208C848208C95C20025D22B /* ShelterViewController.swift in Sources */,
				2208C7C2208C28D90025D22B /* Cloudinary.swift in Sources */,
				2208C7BA208BDD300025D22B /* SandbagCalculatorViewController.swift in Sources */,
				88F13951208C51B400C819C2 /* UIColor+Extension.swift in Sources */,
				88F13962208C775600C819C2 /* UIFont+Extension.swift in Sources */,
				88F13934208C2F6600C819C2 /* KairosRecognizeResult.swift in Sources */,
				88F1394B208C4F1400C819C2 /* BaseCollectionView.swift in Sources */,
				2208C7B6208BDC130025D22B /* UIStoryboard+Extension.swift in Sources */,
				2208C7B8208BDC900025D22B /* UIViewController+Extension.swift in Sources */,
				888494D2208B872E00B980C7 /* AppDelegate.swift in Sources */,
				88F1393C208C44E700C819C2 /* CircleImageView.swift in Sources */,
				88F13928208C0A7600C819C2 /* NetworkService.swift in Sources */,
				88F13953208C554900C819C2 /* MyFamilyViewController.swift in Sources */,
				88F13949208C4E9200C819C2 /* FamilyMember.swift in Sources */,
				2208C7C9208C45FC0025D22B /* ShareImageViewController.swift in Sources */,
				2208C7CB208C49EB0025D22B /* UIStoryboardSegue+Extension.swift in Sources */,
			);
			runOnlyForDeploymentPostprocessing = 0;
		};
/* End PBXSourcesBuildPhase section */

/* Begin PBXVariantGroup section */
		2208C7C5208C453D0025D22B /* ShareImage.storyboard */ = {
			isa = PBXVariantGroup;
			children = (
				2208C7C6208C453D0025D22B /* Base */,
			);
			name = ShareImage.storyboard;
			sourceTree = "<group>";
		};
		2208C844208C95B00025D22B /* Shelter.storyboard */ = {
			isa = PBXVariantGroup;
			children = (
				2208C845208C95B00025D22B /* Base */,
			);
			name = Shelter.storyboard;
			sourceTree = "<group>";
		};
		888494D7208B872E00B980C7 /* Main.storyboard */ = {
			isa = PBXVariantGroup;
			children = (
				888494D8208B872E00B980C7 /* Base */,
			);
			name = Main.storyboard;
			sourceTree = "<group>";
		};
		888494DC208B872F00B980C7 /* LaunchScreen.storyboard */ = {
			isa = PBXVariantGroup;
			children = (
				888494DD208B872F00B980C7 /* Base */,
			);
			name = LaunchScreen.storyboard;
			sourceTree = "<group>";
		};
		88F13935208C3CAC00C819C2 /* MyFamily.storyboard */ = {
			isa = PBXVariantGroup;
			children = (
				88F13936208C3CAC00C819C2 /* Base */,
			);
			name = MyFamily.storyboard;
			sourceTree = "<group>";
		};
/* End PBXVariantGroup section */

/* Begin XCBuildConfiguration section */
		224593DC208CA507007A7C08 /* Debug */ = {
			isa = XCBuildConfiguration;
			baseConfigurationReference = 5CCD0A1444FBF1F886611A8E /* Pods-Levels-Shelter.debug.xcconfig */;
			buildSettings = {
				ASSETCATALOG_COMPILER_APPICON_NAME = AppIcon;
				CODE_SIGN_STYLE = Automatic;
				DEVELOPMENT_TEAM = 4SB3F2S2K3;
				INFOPLIST_FILE = "Shelter-Info.plist";
				LD_RUNPATH_SEARCH_PATHS = (
					"$(inherited)",
					"@executable_path/Frameworks",
				);
				PRODUCT_BUNDLE_IDENTIFIER = com.silverlogic.Shelter;
				PRODUCT_NAME = "$(TARGET_NAME)";
				SWIFT_VERSION = 4.0;
				TARGETED_DEVICE_FAMILY = "1,2";
			};
			name = Debug;
		};
		224593DD208CA507007A7C08 /* Release */ = {
			isa = XCBuildConfiguration;
			baseConfigurationReference = 505CFA900187F86A5C32DA5F /* Pods-Levels-Shelter.release.xcconfig */;
			buildSettings = {
				ASSETCATALOG_COMPILER_APPICON_NAME = AppIcon;
				CODE_SIGN_STYLE = Automatic;
				DEVELOPMENT_TEAM = 4SB3F2S2K3;
				INFOPLIST_FILE = "Shelter-Info.plist";
				LD_RUNPATH_SEARCH_PATHS = (
					"$(inherited)",
					"@executable_path/Frameworks",
				);
				PRODUCT_BUNDLE_IDENTIFIER = com.silverlogic.Shelter;
				PRODUCT_NAME = "$(TARGET_NAME)";
				SWIFT_VERSION = 4.0;
				TARGETED_DEVICE_FAMILY = "1,2";
			};
			name = Release;
		};
		888494E0208B872F00B980C7 /* Debug */ = {
			isa = XCBuildConfiguration;
			buildSettings = {
				ALWAYS_SEARCH_USER_PATHS = NO;
				CLANG_ANALYZER_NONNULL = YES;
				CLANG_ANALYZER_NUMBER_OBJECT_CONVERSION = YES_AGGRESSIVE;
				CLANG_CXX_LANGUAGE_STANDARD = "gnu++14";
				CLANG_CXX_LIBRARY = "libc++";
				CLANG_ENABLE_MODULES = YES;
				CLANG_ENABLE_OBJC_ARC = YES;
				CLANG_ENABLE_OBJC_WEAK = YES;
				CLANG_WARN_BLOCK_CAPTURE_AUTORELEASING = YES;
				CLANG_WARN_BOOL_CONVERSION = YES;
				CLANG_WARN_COMMA = YES;
				CLANG_WARN_CONSTANT_CONVERSION = YES;
				CLANG_WARN_DEPRECATED_OBJC_IMPLEMENTATIONS = YES;
				CLANG_WARN_DIRECT_OBJC_ISA_USAGE = YES_ERROR;
				CLANG_WARN_DOCUMENTATION_COMMENTS = YES;
				CLANG_WARN_EMPTY_BODY = YES;
				CLANG_WARN_ENUM_CONVERSION = YES;
				CLANG_WARN_INFINITE_RECURSION = YES;
				CLANG_WARN_INT_CONVERSION = YES;
				CLANG_WARN_NON_LITERAL_NULL_CONVERSION = YES;
				CLANG_WARN_OBJC_IMPLICIT_RETAIN_SELF = YES;
				CLANG_WARN_OBJC_LITERAL_CONVERSION = YES;
				CLANG_WARN_OBJC_ROOT_CLASS = YES_ERROR;
				CLANG_WARN_RANGE_LOOP_ANALYSIS = YES;
				CLANG_WARN_STRICT_PROTOTYPES = YES;
				CLANG_WARN_SUSPICIOUS_MOVE = YES;
				CLANG_WARN_UNGUARDED_AVAILABILITY = YES_AGGRESSIVE;
				CLANG_WARN_UNREACHABLE_CODE = YES;
				CLANG_WARN__DUPLICATE_METHOD_MATCH = YES;
				CODE_SIGN_IDENTITY = "iPhone Developer";
				COPY_PHASE_STRIP = NO;
				DEBUG_INFORMATION_FORMAT = dwarf;
				ENABLE_STRICT_OBJC_MSGSEND = YES;
				ENABLE_TESTABILITY = YES;
				GCC_C_LANGUAGE_STANDARD = gnu11;
				GCC_DYNAMIC_NO_PIC = NO;
				GCC_NO_COMMON_BLOCKS = YES;
				GCC_OPTIMIZATION_LEVEL = 0;
				GCC_PREPROCESSOR_DEFINITIONS = (
					"DEBUG=1",
					"$(inherited)",
				);
				GCC_WARN_64_TO_32_BIT_CONVERSION = YES;
				GCC_WARN_ABOUT_RETURN_TYPE = YES_ERROR;
				GCC_WARN_UNDECLARED_SELECTOR = YES;
				GCC_WARN_UNINITIALIZED_AUTOS = YES_AGGRESSIVE;
				GCC_WARN_UNUSED_FUNCTION = YES;
				GCC_WARN_UNUSED_VARIABLE = YES;
				IPHONEOS_DEPLOYMENT_TARGET = 11.3;
				MTL_ENABLE_DEBUG_INFO = YES;
				ONLY_ACTIVE_ARCH = YES;
				SDKROOT = iphoneos;
				SWIFT_ACTIVE_COMPILATION_CONDITIONS = DEBUG;
				SWIFT_OPTIMIZATION_LEVEL = "-Onone";
			};
			name = Debug;
		};
		888494E1208B872F00B980C7 /* Release */ = {
			isa = XCBuildConfiguration;
			buildSettings = {
				ALWAYS_SEARCH_USER_PATHS = NO;
				CLANG_ANALYZER_NONNULL = YES;
				CLANG_ANALYZER_NUMBER_OBJECT_CONVERSION = YES_AGGRESSIVE;
				CLANG_CXX_LANGUAGE_STANDARD = "gnu++14";
				CLANG_CXX_LIBRARY = "libc++";
				CLANG_ENABLE_MODULES = YES;
				CLANG_ENABLE_OBJC_ARC = YES;
				CLANG_ENABLE_OBJC_WEAK = YES;
				CLANG_WARN_BLOCK_CAPTURE_AUTORELEASING = YES;
				CLANG_WARN_BOOL_CONVERSION = YES;
				CLANG_WARN_COMMA = YES;
				CLANG_WARN_CONSTANT_CONVERSION = YES;
				CLANG_WARN_DEPRECATED_OBJC_IMPLEMENTATIONS = YES;
				CLANG_WARN_DIRECT_OBJC_ISA_USAGE = YES_ERROR;
				CLANG_WARN_DOCUMENTATION_COMMENTS = YES;
				CLANG_WARN_EMPTY_BODY = YES;
				CLANG_WARN_ENUM_CONVERSION = YES;
				CLANG_WARN_INFINITE_RECURSION = YES;
				CLANG_WARN_INT_CONVERSION = YES;
				CLANG_WARN_NON_LITERAL_NULL_CONVERSION = YES;
				CLANG_WARN_OBJC_IMPLICIT_RETAIN_SELF = YES;
				CLANG_WARN_OBJC_LITERAL_CONVERSION = YES;
				CLANG_WARN_OBJC_ROOT_CLASS = YES_ERROR;
				CLANG_WARN_RANGE_LOOP_ANALYSIS = YES;
				CLANG_WARN_STRICT_PROTOTYPES = YES;
				CLANG_WARN_SUSPICIOUS_MOVE = YES;
				CLANG_WARN_UNGUARDED_AVAILABILITY = YES_AGGRESSIVE;
				CLANG_WARN_UNREACHABLE_CODE = YES;
				CLANG_WARN__DUPLICATE_METHOD_MATCH = YES;
				CODE_SIGN_IDENTITY = "iPhone Developer";
				COPY_PHASE_STRIP = NO;
				DEBUG_INFORMATION_FORMAT = "dwarf-with-dsym";
				ENABLE_NS_ASSERTIONS = NO;
				ENABLE_STRICT_OBJC_MSGSEND = YES;
				GCC_C_LANGUAGE_STANDARD = gnu11;
				GCC_NO_COMMON_BLOCKS = YES;
				GCC_WARN_64_TO_32_BIT_CONVERSION = YES;
				GCC_WARN_ABOUT_RETURN_TYPE = YES_ERROR;
				GCC_WARN_UNDECLARED_SELECTOR = YES;
				GCC_WARN_UNINITIALIZED_AUTOS = YES_AGGRESSIVE;
				GCC_WARN_UNUSED_FUNCTION = YES;
				GCC_WARN_UNUSED_VARIABLE = YES;
				IPHONEOS_DEPLOYMENT_TARGET = 11.3;
				MTL_ENABLE_DEBUG_INFO = NO;
				SDKROOT = iphoneos;
				SWIFT_COMPILATION_MODE = wholemodule;
				SWIFT_OPTIMIZATION_LEVEL = "-O";
				VALIDATE_PRODUCT = YES;
			};
			name = Release;
		};
		888494E3208B872F00B980C7 /* Debug */ = {
			isa = XCBuildConfiguration;
			baseConfigurationReference = 0F2D4BE875932E4C0210360A /* Pods-Levels.debug.xcconfig */;
			buildSettings = {
				ASSETCATALOG_COMPILER_APPICON_NAME = AppIcon;
				CODE_SIGN_STYLE = Automatic;
				DEVELOPMENT_TEAM = 4SB3F2S2K3;
				INFOPLIST_FILE = Levels/Info.plist;
				LD_RUNPATH_SEARCH_PATHS = (
					"$(inherited)",
					"@executable_path/Frameworks",
				);
				PRODUCT_BUNDLE_IDENTIFIER = com.silverlogic.Levels;
				PRODUCT_NAME = "$(TARGET_NAME)";
				SWIFT_VERSION = 4.0;
				TARGETED_DEVICE_FAMILY = "1,2";
			};
			name = Debug;
		};
		888494E4208B872F00B980C7 /* Release */ = {
			isa = XCBuildConfiguration;
			baseConfigurationReference = 792801ABE163BC5B29A832FA /* Pods-Levels.release.xcconfig */;
			buildSettings = {
				ASSETCATALOG_COMPILER_APPICON_NAME = AppIcon;
				CODE_SIGN_STYLE = Automatic;
				DEVELOPMENT_TEAM = 4SB3F2S2K3;
				INFOPLIST_FILE = Levels/Info.plist;
				LD_RUNPATH_SEARCH_PATHS = (
					"$(inherited)",
					"@executable_path/Frameworks",
				);
				PRODUCT_BUNDLE_IDENTIFIER = com.silverlogic.Levels;
				PRODUCT_NAME = "$(TARGET_NAME)";
				SWIFT_VERSION = 4.0;
				TARGETED_DEVICE_FAMILY = "1,2";
			};
			name = Release;
		};
/* End XCBuildConfiguration section */

/* Begin XCConfigurationList section */
		224593DB208CA507007A7C08 /* Build configuration list for PBXNativeTarget "Shelter" */ = {
			isa = XCConfigurationList;
			buildConfigurations = (
				224593DC208CA507007A7C08 /* Debug */,
				224593DD208CA507007A7C08 /* Release */,
			);
			defaultConfigurationIsVisible = 0;
			defaultConfigurationName = Release;
		};
		888494C9208B872E00B980C7 /* Build configuration list for PBXProject "Levels" */ = {
			isa = XCConfigurationList;
			buildConfigurations = (
				888494E0208B872F00B980C7 /* Debug */,
				888494E1208B872F00B980C7 /* Release */,
			);
			defaultConfigurationIsVisible = 0;
			defaultConfigurationName = Release;
		};
		888494E2208B872F00B980C7 /* Build configuration list for PBXNativeTarget "Levels" */ = {
			isa = XCConfigurationList;
			buildConfigurations = (
				888494E3208B872F00B980C7 /* Debug */,
				888494E4208B872F00B980C7 /* Release */,
			);
			defaultConfigurationIsVisible = 0;
			defaultConfigurationName = Release;
		};
/* End XCConfigurationList section */
	};
	rootObject = 888494C6208B872E00B980C7 /* Project object */;
}
