// !$*UTF8*$!
{
	archiveVersion = 1;
	classes = {
	};
	objectVersion = 50;
	objects = {

/* Begin PBXBuildFile section */
		2208C7B6208BDC130025D22B /* UIStoryboard+Extension.swift in Sources */ = {isa = PBXBuildFile; fileRef = 2208C7B5208BDC130025D22B /* UIStoryboard+Extension.swift */; };
		2208C7B8208BDC900025D22B /* UIViewController+Extension.swift in Sources */ = {isa = PBXBuildFile; fileRef = 2208C7B7208BDC900025D22B /* UIViewController+Extension.swift */; };
		2208C7BA208BDD300025D22B /* SandbagCalculatorViewController.swift in Sources */ = {isa = PBXBuildFile; fileRef = 2208C7B9208BDD300025D22B /* SandbagCalculatorViewController.swift */; };
		2208C7BB208BE8180025D22B /* WaterNode.swift in Sources */ = {isa = PBXBuildFile; fileRef = 888494F1208BB22500B980C7 /* WaterNode.swift */; };
		85C6F07B6FB08153603A65BD /* Pods_Levels.framework in Frameworks */ = {isa = PBXBuildFile; fileRef = 80C528AD5D296FC7890F3B61 /* Pods_Levels.framework */; };
		888494D2208B872E00B980C7 /* AppDelegate.swift in Sources */ = {isa = PBXBuildFile; fileRef = 888494D1208B872E00B980C7 /* AppDelegate.swift */; };
		888494D4208B872E00B980C7 /* art.scnassets in Resources */ = {isa = PBXBuildFile; fileRef = 888494D3208B872E00B980C7 /* art.scnassets */; };
		888494D6208B872E00B980C7 /* ARFloodViewController.swift in Sources */ = {isa = PBXBuildFile; fileRef = 888494D5208B872E00B980C7 /* ARFloodViewController.swift */; };
		888494D9208B872E00B980C7 /* Main.storyboard in Resources */ = {isa = PBXBuildFile; fileRef = 888494D7208B872E00B980C7 /* Main.storyboard */; };
		888494DB208B872F00B980C7 /* Assets.xcassets in Resources */ = {isa = PBXBuildFile; fileRef = 888494DA208B872F00B980C7 /* Assets.xcassets */; };
		888494DE208B872F00B980C7 /* LaunchScreen.storyboard in Resources */ = {isa = PBXBuildFile; fileRef = 888494DC208B872F00B980C7 /* LaunchScreen.storyboard */; };
		88F13928208C0A7600C819C2 /* NetworkService.swift in Sources */ = {isa = PBXBuildFile; fileRef = 88F13927208C0A7600C819C2 /* NetworkService.swift */; };
		88F1392A208C17CC00C819C2 /* KairosEnrollTransaction.swift in Sources */ = {isa = PBXBuildFile; fileRef = 88F13929208C17CC00C819C2 /* KairosEnrollTransaction.swift */; };
		88F1392C208C1A5C00C819C2 /* KairosAttributes.swift in Sources */ = {isa = PBXBuildFile; fileRef = 88F1392B208C1A5C00C819C2 /* KairosAttributes.swift */; };
		88F1392E208C1B8400C819C2 /* KairosEnrollImage.swift in Sources */ = {isa = PBXBuildFile; fileRef = 88F1392D208C1B8400C819C2 /* KairosEnrollImage.swift */; };
		88F13930208C1E9400C819C2 /* Kairos.swift in Sources */ = {isa = PBXBuildFile; fileRef = 88F1392F208C1E9400C819C2 /* Kairos.swift */; };
		88F13932208C1F1700C819C2 /* KairosEnrollResult.swift in Sources */ = {isa = PBXBuildFile; fileRef = 88F13931208C1F1700C819C2 /* KairosEnrollResult.swift */; };
		88F13934208C2F6600C819C2 /* KairosRecognizeResult.swift in Sources */ = {isa = PBXBuildFile; fileRef = 88F13933208C2F6600C819C2 /* KairosRecognizeResult.swift */; };
		88F13937208C3CAC00C819C2 /* MyFamily.storyboard in Resources */ = {isa = PBXBuildFile; fileRef = 88F13935208C3CAC00C819C2 /* MyFamily.storyboard */; };
		88F13939208C43A200C819C2 /* UIImageView+Extension.swift in Sources */ = {isa = PBXBuildFile; fileRef = 88F13938208C43A200C819C2 /* UIImageView+Extension.swift */; };
		88F1393C208C44E700C819C2 /* CircleImageView.swift in Sources */ = {isa = PBXBuildFile; fileRef = 88F1393B208C44E700C819C2 /* CircleImageView.swift */; };
		88F1393F208C4BE400C819C2 /* MyFriendCollectionViewLayout.swift in Sources */ = {isa = PBXBuildFile; fileRef = 88F1393E208C4BE400C819C2 /* MyFriendCollectionViewLayout.swift */; };
		88F13942208C4C8600C819C2 /* Resuable.swift in Sources */ = {isa = PBXBuildFile; fileRef = 88F13941208C4C8600C819C2 /* Resuable.swift */; };
		88F13944208C4D2200C819C2 /* UICollectionView+Extension.swift in Sources */ = {isa = PBXBuildFile; fileRef = 88F13943208C4D2200C819C2 /* UICollectionView+Extension.swift */; };
		88F13946208C4D5F00C819C2 /* Array+Extension.swift in Sources */ = {isa = PBXBuildFile; fileRef = 88F13945208C4D5F00C819C2 /* Array+Extension.swift */; };
		88F13949208C4E9200C819C2 /* FamilyMember.swift in Sources */ = {isa = PBXBuildFile; fileRef = 88F13948208C4E9200C819C2 /* FamilyMember.swift */; };
		88F1394B208C4F1400C819C2 /* BaseCollectionView.swift in Sources */ = {isa = PBXBuildFile; fileRef = 88F1394A208C4F1400C819C2 /* BaseCollectionView.swift */; };
		88F1394D208C4F5800C819C2 /* FamilyMemberCollectionViewCell.swift in Sources */ = {isa = PBXBuildFile; fileRef = 88F1394C208C4F5800C819C2 /* FamilyMemberCollectionViewCell.swift */; };
		88F1394F208C50D900C819C2 /* ImageAccess.swift in Sources */ = {isa = PBXBuildFile; fileRef = 88F1394E208C50D900C819C2 /* ImageAccess.swift */; };
		88F13951208C51B400C819C2 /* UIColor+Extension.swift in Sources */ = {isa = PBXBuildFile; fileRef = 88F13950208C51B400C819C2 /* UIColor+Extension.swift */; };
		88F13953208C554900C819C2 /* MyFamilyViewController.swift in Sources */ = {isa = PBXBuildFile; fileRef = 88F13952208C554900C819C2 /* MyFamilyViewController.swift */; };
		88F13955208C585300C819C2 /* familymembers.json in Resources */ = {isa = PBXBuildFile; fileRef = 88F13954208C585300C819C2 /* familymembers.json */; };
		88F13957208C5B1900C819C2 /* FamilyTracker.swift in Sources */ = {isa = PBXBuildFile; fileRef = 88F13956208C5B1900C819C2 /* FamilyTracker.swift */; };
		88F13959208C631900C819C2 /* UIView+Extension.swift in Sources */ = {isa = PBXBuildFile; fileRef = 88F13958208C631900C819C2 /* UIView+Extension.swift */; };
/* End PBXBuildFile section */

/* Begin PBXFileReference section */
		2208C7B5208BDC130025D22B /* UIStoryboard+Extension.swift */ = {isa = PBXFileReference; lastKnownFileType = sourcecode.swift; path = "UIStoryboard+Extension.swift"; sourceTree = "<group>"; };
		2208C7B7208BDC900025D22B /* UIViewController+Extension.swift */ = {isa = PBXFileReference; lastKnownFileType = sourcecode.swift; path = "UIViewController+Extension.swift"; sourceTree = "<group>"; };
		2208C7B9208BDD300025D22B /* SandbagCalculatorViewController.swift */ = {isa = PBXFileReference; lastKnownFileType = sourcecode.swift; path = SandbagCalculatorViewController.swift; sourceTree = "<group>"; };
		7B60D6EDC12D214B12DDC25E /* Pods-Levels.release.xcconfig */ = {isa = PBXFileReference; includeInIndex = 1; lastKnownFileType = text.xcconfig; name = "Pods-Levels.release.xcconfig"; path = "Pods/Target Support Files/Pods-Levels/Pods-Levels.release.xcconfig"; sourceTree = "<group>"; };
		80C528AD5D296FC7890F3B61 /* Pods_Levels.framework */ = {isa = PBXFileReference; explicitFileType = wrapper.framework; includeInIndex = 0; path = Pods_Levels.framework; sourceTree = BUILT_PRODUCTS_DIR; };
		888494CE208B872E00B980C7 /* Levels.app */ = {isa = PBXFileReference; explicitFileType = wrapper.application; includeInIndex = 0; path = Levels.app; sourceTree = BUILT_PRODUCTS_DIR; };
		888494D1208B872E00B980C7 /* AppDelegate.swift */ = {isa = PBXFileReference; lastKnownFileType = sourcecode.swift; path = AppDelegate.swift; sourceTree = "<group>"; };
		888494D3208B872E00B980C7 /* art.scnassets */ = {isa = PBXFileReference; lastKnownFileType = wrapper.scnassets; path = art.scnassets; sourceTree = "<group>"; };
		888494D5208B872E00B980C7 /* ARFloodViewController.swift */ = {isa = PBXFileReference; lastKnownFileType = sourcecode.swift; path = ARFloodViewController.swift; sourceTree = "<group>"; };
		888494D8208B872E00B980C7 /* Base */ = {isa = PBXFileReference; lastKnownFileType = file.storyboard; name = Base; path = Base.lproj/Main.storyboard; sourceTree = "<group>"; };
		888494DA208B872F00B980C7 /* Assets.xcassets */ = {isa = PBXFileReference; lastKnownFileType = folder.assetcatalog; path = Assets.xcassets; sourceTree = "<group>"; };
		888494DD208B872F00B980C7 /* Base */ = {isa = PBXFileReference; lastKnownFileType = file.storyboard; name = Base; path = Base.lproj/LaunchScreen.storyboard; sourceTree = "<group>"; };
		888494DF208B872F00B980C7 /* Info.plist */ = {isa = PBXFileReference; lastKnownFileType = text.plist.xml; path = Info.plist; sourceTree = "<group>"; };
		888494F1208BB22500B980C7 /* WaterNode.swift */ = {isa = PBXFileReference; lastKnownFileType = sourcecode.swift; path = WaterNode.swift; sourceTree = "<group>"; };
		88F13927208C0A7600C819C2 /* NetworkService.swift */ = {isa = PBXFileReference; lastKnownFileType = sourcecode.swift; path = NetworkService.swift; sourceTree = "<group>"; };
		88F13929208C17CC00C819C2 /* KairosEnrollTransaction.swift */ = {isa = PBXFileReference; lastKnownFileType = sourcecode.swift; path = KairosEnrollTransaction.swift; sourceTree = "<group>"; };
		88F1392B208C1A5C00C819C2 /* KairosAttributes.swift */ = {isa = PBXFileReference; lastKnownFileType = sourcecode.swift; path = KairosAttributes.swift; sourceTree = "<group>"; };
		88F1392D208C1B8400C819C2 /* KairosEnrollImage.swift */ = {isa = PBXFileReference; lastKnownFileType = sourcecode.swift; path = KairosEnrollImage.swift; sourceTree = "<group>"; };
		88F1392F208C1E9400C819C2 /* Kairos.swift */ = {isa = PBXFileReference; lastKnownFileType = sourcecode.swift; path = Kairos.swift; sourceTree = "<group>"; };
		88F13931208C1F1700C819C2 /* KairosEnrollResult.swift */ = {isa = PBXFileReference; lastKnownFileType = sourcecode.swift; path = KairosEnrollResult.swift; sourceTree = "<group>"; };
		88F13933208C2F6600C819C2 /* KairosRecognizeResult.swift */ = {isa = PBXFileReference; lastKnownFileType = sourcecode.swift; path = KairosRecognizeResult.swift; sourceTree = "<group>"; };
		88F13936208C3CAC00C819C2 /* Base */ = {isa = PBXFileReference; lastKnownFileType = file.storyboard; name = Base; path = Base.lproj/MyFamily.storyboard; sourceTree = "<group>"; };
		88F13938208C43A200C819C2 /* UIImageView+Extension.swift */ = {isa = PBXFileReference; lastKnownFileType = sourcecode.swift; path = "UIImageView+Extension.swift"; sourceTree = "<group>"; };
		88F1393B208C44E700C819C2 /* CircleImageView.swift */ = {isa = PBXFileReference; lastKnownFileType = sourcecode.swift; path = CircleImageView.swift; sourceTree = "<group>"; };
		88F1393E208C4BE400C819C2 /* MyFriendCollectionViewLayout.swift */ = {isa = PBXFileReference; lastKnownFileType = sourcecode.swift; path = MyFriendCollectionViewLayout.swift; sourceTree = "<group>"; };
		88F13941208C4C8600C819C2 /* Resuable.swift */ = {isa = PBXFileReference; lastKnownFileType = sourcecode.swift; path = Resuable.swift; sourceTree = "<group>"; };
		88F13943208C4D2200C819C2 /* UICollectionView+Extension.swift */ = {isa = PBXFileReference; lastKnownFileType = sourcecode.swift; path = "UICollectionView+Extension.swift"; sourceTree = "<group>"; };
		88F13945208C4D5F00C819C2 /* Array+Extension.swift */ = {isa = PBXFileReference; lastKnownFileType = sourcecode.swift; path = "Array+Extension.swift"; sourceTree = "<group>"; };
		88F13948208C4E9200C819C2 /* FamilyMember.swift */ = {isa = PBXFileReference; lastKnownFileType = sourcecode.swift; path = FamilyMember.swift; sourceTree = "<group>"; };
		88F1394A208C4F1400C819C2 /* BaseCollectionView.swift */ = {isa = PBXFileReference; lastKnownFileType = sourcecode.swift; path = BaseCollectionView.swift; sourceTree = "<group>"; };
		88F1394C208C4F5800C819C2 /* FamilyMemberCollectionViewCell.swift */ = {isa = PBXFileReference; lastKnownFileType = sourcecode.swift; path = FamilyMemberCollectionViewCell.swift; sourceTree = "<group>"; };
		88F1394E208C50D900C819C2 /* ImageAccess.swift */ = {isa = PBXFileReference; lastKnownFileType = sourcecode.swift; path = ImageAccess.swift; sourceTree = "<group>"; };
		88F13950208C51B400C819C2 /* UIColor+Extension.swift */ = {isa = PBXFileReference; lastKnownFileType = sourcecode.swift; path = "UIColor+Extension.swift"; sourceTree = "<group>"; };
		88F13952208C554900C819C2 /* MyFamilyViewController.swift */ = {isa = PBXFileReference; lastKnownFileType = sourcecode.swift; path = MyFamilyViewController.swift; sourceTree = "<group>"; };
		88F13954208C585300C819C2 /* familymembers.json */ = {isa = PBXFileReference; lastKnownFileType = text.json; path = familymembers.json; sourceTree = "<group>"; };
		88F13956208C5B1900C819C2 /* FamilyTracker.swift */ = {isa = PBXFileReference; lastKnownFileType = sourcecode.swift; path = FamilyTracker.swift; sourceTree = "<group>"; };
		88F13958208C631900C819C2 /* UIView+Extension.swift */ = {isa = PBXFileReference; lastKnownFileType = sourcecode.swift; path = "UIView+Extension.swift"; sourceTree = "<group>"; };
		BAE28CA89506F9F4085524DE /* Pods-Levels.debug.xcconfig */ = {isa = PBXFileReference; includeInIndex = 1; lastKnownFileType = text.xcconfig; name = "Pods-Levels.debug.xcconfig"; path = "Pods/Target Support Files/Pods-Levels/Pods-Levels.debug.xcconfig"; sourceTree = "<group>"; };
/* End PBXFileReference section */

/* Begin PBXFrameworksBuildPhase section */
		888494CB208B872E00B980C7 /* Frameworks */ = {
			isa = PBXFrameworksBuildPhase;
			buildActionMask = 2147483647;
			files = (
				85C6F07B6FB08153603A65BD /* Pods_Levels.framework in Frameworks */,
			);
			runOnlyForDeploymentPostprocessing = 0;
		};
/* End PBXFrameworksBuildPhase section */

/* Begin PBXGroup section */
		419F5AB9F3A709C7DF472FD6 /* Pods */ = {
			isa = PBXGroup;
			children = (
				BAE28CA89506F9F4085524DE /* Pods-Levels.debug.xcconfig */,
				7B60D6EDC12D214B12DDC25E /* Pods-Levels.release.xcconfig */,
			);
			name = Pods;
			sourceTree = "<group>";
		};
		67F0EDC3C08D35665E93CA6E /* Frameworks */ = {
			isa = PBXGroup;
			children = (
				80C528AD5D296FC7890F3B61 /* Pods_Levels.framework */,
			);
			name = Frameworks;
			sourceTree = "<group>";
		};
		888494C5208B872E00B980C7 = {
			isa = PBXGroup;
			children = (
				888494D0208B872E00B980C7 /* Levels */,
				888494CF208B872E00B980C7 /* Products */,
				419F5AB9F3A709C7DF472FD6 /* Pods */,
				67F0EDC3C08D35665E93CA6E /* Frameworks */,
			);
			sourceTree = "<group>";
		};
		888494CF208B872E00B980C7 /* Products */ = {
			isa = PBXGroup;
			children = (
				888494CE208B872E00B980C7 /* Levels.app */,
			);
			name = Products;
			sourceTree = "<group>";
		};
		888494D0208B872E00B980C7 /* Levels */ = {
			isa = PBXGroup;
			children = (
				888494E8208B875B00B980C7 /* UILayer */,
				888494E7208B874F00B980C7 /* BusinessLayer */,
				888494E6208B874800B980C7 /* ServiceLayer */,
				888494F3208BC16400B980C7 /* Extensions */,
				88F13940208C4C6800C819C2 /* Protocols */,
				888494D1208B872E00B980C7 /* AppDelegate.swift */,
				888494D3208B872E00B980C7 /* art.scnassets */,
				888494DA208B872F00B980C7 /* Assets.xcassets */,
				888494DF208B872F00B980C7 /* Info.plist */,
				88F13954208C585300C819C2 /* familymembers.json */,
			);
			path = Levels;
			sourceTree = "<group>";
		};
		888494E6208B874800B980C7 /* ServiceLayer */ = {
			isa = PBXGroup;
			children = (
				888494EE208B87F500B980C7 /* Networking */,
			);
			path = ServiceLayer;
			sourceTree = "<group>";
		};
		888494E7208B874F00B980C7 /* BusinessLayer */ = {
			isa = PBXGroup;
			children = (
				888494ED208B87E200B980C7 /* BusinessLogic */,
				888494EC208B87D800B980C7 /* Entities */,
			);
			path = BusinessLayer;
			sourceTree = "<group>";
		};
		888494E8208B875B00B980C7 /* UILayer */ = {
			isa = PBXGroup;
			children = (
				888494EB208B878800B980C7 /* ViewControllers */,
				888494EA208B878200B980C7 /* Subviews */,
				888494E9208B876E00B980C7 /* Storyboards */,
			);
			path = UILayer;
			sourceTree = "<group>";
		};
		888494E9208B876E00B980C7 /* Storyboards */ = {
			isa = PBXGroup;
			children = (
				888494D7208B872E00B980C7 /* Main.storyboard */,
				888494DC208B872F00B980C7 /* LaunchScreen.storyboard */,
				88F13935208C3CAC00C819C2 /* MyFamily.storyboard */,
			);
			path = Storyboards;
			sourceTree = "<group>";
		};
		888494EA208B878200B980C7 /* Subviews */ = {
			isa = PBXGroup;
			children = (
				88F13947208C4D7F00C819C2 /* UICollectionViewCells */,
				88F1393D208C4BB400C819C2 /* UICollectionViewVerticalFlowLayout */,
				88F1393A208C44BB00C819C2 /* UIImageViews */,
				888494F0208BB15D00B980C7 /* SCNNodes */,
			);
			path = Subviews;
			sourceTree = "<group>";
		};
		888494EB208B878800B980C7 /* ViewControllers */ = {
			isa = PBXGroup;
			children = (
				888494D5208B872E00B980C7 /* ARFloodViewController.swift */,
				2208C7B9208BDD300025D22B /* SandbagCalculatorViewController.swift */,
				88F13952208C554900C819C2 /* MyFamilyViewController.swift */,
			);
			path = ViewControllers;
			sourceTree = "<group>";
		};
		888494EC208B87D800B980C7 /* Entities */ = {
			isa = PBXGroup;
			children = (
				88F13929208C17CC00C819C2 /* KairosEnrollTransaction.swift */,
				88F1392B208C1A5C00C819C2 /* KairosAttributes.swift */,
				88F1392D208C1B8400C819C2 /* KairosEnrollImage.swift */,
				88F13931208C1F1700C819C2 /* KairosEnrollResult.swift */,
				88F13933208C2F6600C819C2 /* KairosRecognizeResult.swift */,
				88F13948208C4E9200C819C2 /* FamilyMember.swift */,
			);
			path = Entities;
			sourceTree = "<group>";
		};
		888494ED208B87E200B980C7 /* BusinessLogic */ = {
			isa = PBXGroup;
			children = (
				88F1392F208C1E9400C819C2 /* Kairos.swift */,
				88F13956208C5B1900C819C2 /* FamilyTracker.swift */,
			);
			path = BusinessLogic;
			sourceTree = "<group>";
		};
		888494EE208B87F500B980C7 /* Networking */ = {
			isa = PBXGroup;
			children = (
				88F13927208C0A7600C819C2 /* NetworkService.swift */,
			);
			path = Networking;
			sourceTree = "<group>";
		};
		888494F0208BB15D00B980C7 /* SCNNodes */ = {
			isa = PBXGroup;
			children = (
				888494F1208BB22500B980C7 /* WaterNode.swift */,
			);
			path = SCNNodes;
			sourceTree = "<group>";
		};
		888494F3208BC16400B980C7 /* Extensions */ = {
			isa = PBXGroup;
			children = (
				2208C7B5208BDC130025D22B /* UIStoryboard+Extension.swift */,
				2208C7B7208BDC900025D22B /* UIViewController+Extension.swift */,
				88F13938208C43A200C819C2 /* UIImageView+Extension.swift */,
				88F13943208C4D2200C819C2 /* UICollectionView+Extension.swift */,
				88F13945208C4D5F00C819C2 /* Array+Extension.swift */,
				88F13950208C51B400C819C2 /* UIColor+Extension.swift */,
				88F13958208C631900C819C2 /* UIView+Extension.swift */,
			);
			path = Extensions;
			sourceTree = "<group>";
		};
		88F1393A208C44BB00C819C2 /* UIImageViews */ = {
			isa = PBXGroup;
			children = (
				88F1393B208C44E700C819C2 /* CircleImageView.swift */,
			);
			path = UIImageViews;
			sourceTree = "<group>";
		};
		88F1393D208C4BB400C819C2 /* UICollectionViewVerticalFlowLayout */ = {
			isa = PBXGroup;
			children = (
				88F1393E208C4BE400C819C2 /* MyFriendCollectionViewLayout.swift */,
			);
			path = UICollectionViewVerticalFlowLayout;
			sourceTree = "<group>";
		};
		88F13940208C4C6800C819C2 /* Protocols */ = {
			isa = PBXGroup;
			children = (
				88F13941208C4C8600C819C2 /* Resuable.swift */,
				88F1394E208C50D900C819C2 /* ImageAccess.swift */,
			);
			path = Protocols;
			sourceTree = "<group>";
		};
		88F13947208C4D7F00C819C2 /* UICollectionViewCells */ = {
			isa = PBXGroup;
			children = (
				88F1394A208C4F1400C819C2 /* BaseCollectionView.swift */,
				88F1394C208C4F5800C819C2 /* FamilyMemberCollectionViewCell.swift */,
			);
			path = UICollectionViewCells;
			sourceTree = "<group>";
		};
/* End PBXGroup section */

/* Begin PBXNativeTarget section */
		888494CD208B872E00B980C7 /* Levels */ = {
			isa = PBXNativeTarget;
			buildConfigurationList = 888494E2208B872F00B980C7 /* Build configuration list for PBXNativeTarget "Levels" */;
			buildPhases = (
				6831E130A0EB83B6D5C20FBF /* [CP] Check Pods Manifest.lock */,
				888494CA208B872E00B980C7 /* Sources */,
				888494CB208B872E00B980C7 /* Frameworks */,
				888494CC208B872E00B980C7 /* Resources */,
				80C7DBB85574351186D7507D /* [CP] Embed Pods Frameworks */,
				EABB99241C67E2E62A90177E /* [CP] Copy Pods Resources */,
			);
			buildRules = (
			);
			dependencies = (
			);
			name = Levels;
			productName = Levels;
			productReference = 888494CE208B872E00B980C7 /* Levels.app */;
			productType = "com.apple.product-type.application";
		};
/* End PBXNativeTarget section */

/* Begin PBXProject section */
		888494C6208B872E00B980C7 /* Project object */ = {
			isa = PBXProject;
			attributes = {
				LastSwiftUpdateCheck = 0930;
				LastUpgradeCheck = 0930;
				ORGANIZATIONNAME = "The SilverLogic";
				TargetAttributes = {
					888494CD208B872E00B980C7 = {
						CreatedOnToolsVersion = 9.3;
					};
				};
			};
			buildConfigurationList = 888494C9208B872E00B980C7 /* Build configuration list for PBXProject "Levels" */;
			compatibilityVersion = "Xcode 9.3";
			developmentRegion = en;
			hasScannedForEncodings = 0;
			knownRegions = (
				en,
				Base,
			);
			mainGroup = 888494C5208B872E00B980C7;
			productRefGroup = 888494CF208B872E00B980C7 /* Products */;
			projectDirPath = "";
			projectRoot = "";
			targets = (
				888494CD208B872E00B980C7 /* Levels */,
			);
		};
/* End PBXProject section */

/* Begin PBXResourcesBuildPhase section */
		888494CC208B872E00B980C7 /* Resources */ = {
			isa = PBXResourcesBuildPhase;
			buildActionMask = 2147483647;
			files = (
				88F13937208C3CAC00C819C2 /* MyFamily.storyboard in Resources */,
				888494D4208B872E00B980C7 /* art.scnassets in Resources */,
				888494DE208B872F00B980C7 /* LaunchScreen.storyboard in Resources */,
				88F13955208C585300C819C2 /* familymembers.json in Resources */,
				888494DB208B872F00B980C7 /* Assets.xcassets in Resources */,
				888494D9208B872E00B980C7 /* Main.storyboard in Resources */,
			);
			runOnlyForDeploymentPostprocessing = 0;
		};
/* End PBXResourcesBuildPhase section */

/* Begin PBXShellScriptBuildPhase section */
		6831E130A0EB83B6D5C20FBF /* [CP] Check Pods Manifest.lock */ = {
			isa = PBXShellScriptBuildPhase;
			buildActionMask = 2147483647;
			files = (
			);
			inputPaths = (
				"${PODS_PODFILE_DIR_PATH}/Podfile.lock",
				"${PODS_ROOT}/Manifest.lock",
			);
			name = "[CP] Check Pods Manifest.lock";
			outputPaths = (
				"$(DERIVED_FILE_DIR)/Pods-Levels-checkManifestLockResult.txt",
			);
			runOnlyForDeploymentPostprocessing = 0;
			shellPath = /bin/sh;
			shellScript = "diff \"${PODS_PODFILE_DIR_PATH}/Podfile.lock\" \"${PODS_ROOT}/Manifest.lock\" > /dev/null\nif [ $? != 0 ] ; then\n    # print error to STDERR\n    echo \"error: The sandbox is not in sync with the Podfile.lock. Run 'pod install' or update your CocoaPods installation.\" >&2\n    exit 1\nfi\n# This output is used by Xcode 'outputs' to avoid re-running this script phase.\necho \"SUCCESS\" > \"${SCRIPT_OUTPUT_FILE_0}\"\n";
			showEnvVarsInLog = 0;
		};
		80C7DBB85574351186D7507D /* [CP] Embed Pods Frameworks */ = {
			isa = PBXShellScriptBuildPhase;
			buildActionMask = 2147483647;
			files = (
			);
			inputPaths = (
				"${SRCROOT}/Pods/Target Support Files/Pods-Levels/Pods-Levels-frameworks.sh",
				"${BUILT_PRODUCTS_DIR}/Alamofire/Alamofire.framework",
				"${BUILT_PRODUCTS_DIR}/AlertTransition/AlertTransition.framework",
				"${BUILT_PRODUCTS_DIR}/CodableAlamofire/CodableAlamofire.framework",
				"${BUILT_PRODUCTS_DIR}/Kingfisher/Kingfisher.framework",
				"${BUILT_PRODUCTS_DIR}/Presentr/Presentr.framework",
				"${BUILT_PRODUCTS_DIR}/PromiseKit/PromiseKit.framework",
				"${BUILT_PRODUCTS_DIR}/VerticalSteppedSlider/VerticalSteppedSlider.framework",
			);
			name = "[CP] Embed Pods Frameworks";
			outputPaths = (
				"${TARGET_BUILD_DIR}/${FRAMEWORKS_FOLDER_PATH}/Alamofire.framework",
				"${TARGET_BUILD_DIR}/${FRAMEWORKS_FOLDER_PATH}/AlertTransition.framework",
				"${TARGET_BUILD_DIR}/${FRAMEWORKS_FOLDER_PATH}/CodableAlamofire.framework",
				"${TARGET_BUILD_DIR}/${FRAMEWORKS_FOLDER_PATH}/Kingfisher.framework",
				"${TARGET_BUILD_DIR}/${FRAMEWORKS_FOLDER_PATH}/Presentr.framework",
				"${TARGET_BUILD_DIR}/${FRAMEWORKS_FOLDER_PATH}/PromiseKit.framework",
				"${TARGET_BUILD_DIR}/${FRAMEWORKS_FOLDER_PATH}/VerticalSteppedSlider.framework",
			);
			runOnlyForDeploymentPostprocessing = 0;
			shellPath = /bin/sh;
			shellScript = "\"${SRCROOT}/Pods/Target Support Files/Pods-Levels/Pods-Levels-frameworks.sh\"\n";
			showEnvVarsInLog = 0;
		};
		EABB99241C67E2E62A90177E /* [CP] Copy Pods Resources */ = {
			isa = PBXShellScriptBuildPhase;
			buildActionMask = 2147483647;
			files = (
			);
			inputPaths = (
			);
			name = "[CP] Copy Pods Resources";
			outputPaths = (
			);
			runOnlyForDeploymentPostprocessing = 0;
			shellPath = /bin/sh;
			shellScript = "\"${SRCROOT}/Pods/Target Support Files/Pods-Levels/Pods-Levels-resources.sh\"\n";
			showEnvVarsInLog = 0;
		};
/* End PBXShellScriptBuildPhase section */

/* Begin PBXSourcesBuildPhase section */
		888494CA208B872E00B980C7 /* Sources */ = {
			isa = PBXSourcesBuildPhase;
			buildActionMask = 2147483647;
			files = (
				88F13944208C4D2200C819C2 /* UICollectionView+Extension.swift in Sources */,
				88F1394F208C50D900C819C2 /* ImageAccess.swift in Sources */,
				88F1393F208C4BE400C819C2 /* MyFriendCollectionViewLayout.swift in Sources */,
				88F13930208C1E9400C819C2 /* Kairos.swift in Sources */,
				88F13957208C5B1900C819C2 /* FamilyTracker.swift in Sources */,
				88F1392E208C1B8400C819C2 /* KairosEnrollImage.swift in Sources */,
				88F13942208C4C8600C819C2 /* Resuable.swift in Sources */,
				88F13939208C43A200C819C2 /* UIImageView+Extension.swift in Sources */,
				88F1394D208C4F5800C819C2 /* FamilyMemberCollectionViewCell.swift in Sources */,
				88F1392C208C1A5C00C819C2 /* KairosAttributes.swift in Sources */,
				88F13932208C1F1700C819C2 /* KairosEnrollResult.swift in Sources */,
				2208C7BB208BE8180025D22B /* WaterNode.swift in Sources */,
				88F13959208C631900C819C2 /* UIView+Extension.swift in Sources */,
				88F1392A208C17CC00C819C2 /* KairosEnrollTransaction.swift in Sources */,
				888494D6208B872E00B980C7 /* ARFloodViewController.swift in Sources */,
				88F13946208C4D5F00C819C2 /* Array+Extension.swift in Sources */,
				2208C7BA208BDD300025D22B /* SandbagCalculatorViewController.swift in Sources */,
				88F13951208C51B400C819C2 /* UIColor+Extension.swift in Sources */,
				88F13934208C2F6600C819C2 /* KairosRecognizeResult.swift in Sources */,
				88F1394B208C4F1400C819C2 /* BaseCollectionView.swift in Sources */,
				2208C7B6208BDC130025D22B /* UIStoryboard+Extension.swift in Sources */,
				2208C7B8208BDC900025D22B /* UIViewController+Extension.swift in Sources */,
				888494D2208B872E00B980C7 /* AppDelegate.swift in Sources */,
				88F1393C208C44E700C819C2 /* CircleImageView.swift in Sources */,
				88F13928208C0A7600C819C2 /* NetworkService.swift in Sources */,
				88F13953208C554900C819C2 /* MyFamilyViewController.swift in Sources */,
				88F13949208C4E9200C819C2 /* FamilyMember.swift in Sources */,
			);
			runOnlyForDeploymentPostprocessing = 0;
		};
/* End PBXSourcesBuildPhase section */

/* Begin PBXVariantGroup section */
		888494D7208B872E00B980C7 /* Main.storyboard */ = {
			isa = PBXVariantGroup;
			children = (
				888494D8208B872E00B980C7 /* Base */,
			);
			name = Main.storyboard;
			sourceTree = "<group>";
		};
		888494DC208B872F00B980C7 /* LaunchScreen.storyboard */ = {
			isa = PBXVariantGroup;
			children = (
				888494DD208B872F00B980C7 /* Base */,
			);
			name = LaunchScreen.storyboard;
			sourceTree = "<group>";
		};
		88F13935208C3CAC00C819C2 /* MyFamily.storyboard */ = {
			isa = PBXVariantGroup;
			children = (
				88F13936208C3CAC00C819C2 /* Base */,
			);
			name = MyFamily.storyboard;
			sourceTree = "<group>";
		};
/* End PBXVariantGroup section */

/* Begin XCBuildConfiguration section */
		888494E0208B872F00B980C7 /* Debug */ = {
			isa = XCBuildConfiguration;
			buildSettings = {
				ALWAYS_SEARCH_USER_PATHS = NO;
				CLANG_ANALYZER_NONNULL = YES;
				CLANG_ANALYZER_NUMBER_OBJECT_CONVERSION = YES_AGGRESSIVE;
				CLANG_CXX_LANGUAGE_STANDARD = "gnu++14";
				CLANG_CXX_LIBRARY = "libc++";
				CLANG_ENABLE_MODULES = YES;
				CLANG_ENABLE_OBJC_ARC = YES;
				CLANG_ENABLE_OBJC_WEAK = YES;
				CLANG_WARN_BLOCK_CAPTURE_AUTORELEASING = YES;
				CLANG_WARN_BOOL_CONVERSION = YES;
				CLANG_WARN_COMMA = YES;
				CLANG_WARN_CONSTANT_CONVERSION = YES;
				CLANG_WARN_DEPRECATED_OBJC_IMPLEMENTATIONS = YES;
				CLANG_WARN_DIRECT_OBJC_ISA_USAGE = YES_ERROR;
				CLANG_WARN_DOCUMENTATION_COMMENTS = YES;
				CLANG_WARN_EMPTY_BODY = YES;
				CLANG_WARN_ENUM_CONVERSION = YES;
				CLANG_WARN_INFINITE_RECURSION = YES;
				CLANG_WARN_INT_CONVERSION = YES;
				CLANG_WARN_NON_LITERAL_NULL_CONVERSION = YES;
				CLANG_WARN_OBJC_IMPLICIT_RETAIN_SELF = YES;
				CLANG_WARN_OBJC_LITERAL_CONVERSION = YES;
				CLANG_WARN_OBJC_ROOT_CLASS = YES_ERROR;
				CLANG_WARN_RANGE_LOOP_ANALYSIS = YES;
				CLANG_WARN_STRICT_PROTOTYPES = YES;
				CLANG_WARN_SUSPICIOUS_MOVE = YES;
				CLANG_WARN_UNGUARDED_AVAILABILITY = YES_AGGRESSIVE;
				CLANG_WARN_UNREACHABLE_CODE = YES;
				CLANG_WARN__DUPLICATE_METHOD_MATCH = YES;
				CODE_SIGN_IDENTITY = "iPhone Developer";
				COPY_PHASE_STRIP = NO;
				DEBUG_INFORMATION_FORMAT = dwarf;
				ENABLE_STRICT_OBJC_MSGSEND = YES;
				ENABLE_TESTABILITY = YES;
				GCC_C_LANGUAGE_STANDARD = gnu11;
				GCC_DYNAMIC_NO_PIC = NO;
				GCC_NO_COMMON_BLOCKS = YES;
				GCC_OPTIMIZATION_LEVEL = 0;
				GCC_PREPROCESSOR_DEFINITIONS = (
					"DEBUG=1",
					"$(inherited)",
				);
				GCC_WARN_64_TO_32_BIT_CONVERSION = YES;
				GCC_WARN_ABOUT_RETURN_TYPE = YES_ERROR;
				GCC_WARN_UNDECLARED_SELECTOR = YES;
				GCC_WARN_UNINITIALIZED_AUTOS = YES_AGGRESSIVE;
				GCC_WARN_UNUSED_FUNCTION = YES;
				GCC_WARN_UNUSED_VARIABLE = YES;
				IPHONEOS_DEPLOYMENT_TARGET = 11.3;
				MTL_ENABLE_DEBUG_INFO = YES;
				ONLY_ACTIVE_ARCH = YES;
				SDKROOT = iphoneos;
				SWIFT_ACTIVE_COMPILATION_CONDITIONS = DEBUG;
				SWIFT_OPTIMIZATION_LEVEL = "-Onone";
			};
			name = Debug;
		};
		888494E1208B872F00B980C7 /* Release */ = {
			isa = XCBuildConfiguration;
			buildSettings = {
				ALWAYS_SEARCH_USER_PATHS = NO;
				CLANG_ANALYZER_NONNULL = YES;
				CLANG_ANALYZER_NUMBER_OBJECT_CONVERSION = YES_AGGRESSIVE;
				CLANG_CXX_LANGUAGE_STANDARD = "gnu++14";
				CLANG_CXX_LIBRARY = "libc++";
				CLANG_ENABLE_MODULES = YES;
				CLANG_ENABLE_OBJC_ARC = YES;
				CLANG_ENABLE_OBJC_WEAK = YES;
				CLANG_WARN_BLOCK_CAPTURE_AUTORELEASING = YES;
				CLANG_WARN_BOOL_CONVERSION = YES;
				CLANG_WARN_COMMA = YES;
				CLANG_WARN_CONSTANT_CONVERSION = YES;
				CLANG_WARN_DEPRECATED_OBJC_IMPLEMENTATIONS = YES;
				CLANG_WARN_DIRECT_OBJC_ISA_USAGE = YES_ERROR;
				CLANG_WARN_DOCUMENTATION_COMMENTS = YES;
				CLANG_WARN_EMPTY_BODY = YES;
				CLANG_WARN_ENUM_CONVERSION = YES;
				CLANG_WARN_INFINITE_RECURSION = YES;
				CLANG_WARN_INT_CONVERSION = YES;
				CLANG_WARN_NON_LITERAL_NULL_CONVERSION = YES;
				CLANG_WARN_OBJC_IMPLICIT_RETAIN_SELF = YES;
				CLANG_WARN_OBJC_LITERAL_CONVERSION = YES;
				CLANG_WARN_OBJC_ROOT_CLASS = YES_ERROR;
				CLANG_WARN_RANGE_LOOP_ANALYSIS = YES;
				CLANG_WARN_STRICT_PROTOTYPES = YES;
				CLANG_WARN_SUSPICIOUS_MOVE = YES;
				CLANG_WARN_UNGUARDED_AVAILABILITY = YES_AGGRESSIVE;
				CLANG_WARN_UNREACHABLE_CODE = YES;
				CLANG_WARN__DUPLICATE_METHOD_MATCH = YES;
				CODE_SIGN_IDENTITY = "iPhone Developer";
				COPY_PHASE_STRIP = NO;
				DEBUG_INFORMATION_FORMAT = "dwarf-with-dsym";
				ENABLE_NS_ASSERTIONS = NO;
				ENABLE_STRICT_OBJC_MSGSEND = YES;
				GCC_C_LANGUAGE_STANDARD = gnu11;
				GCC_NO_COMMON_BLOCKS = YES;
				GCC_WARN_64_TO_32_BIT_CONVERSION = YES;
				GCC_WARN_ABOUT_RETURN_TYPE = YES_ERROR;
				GCC_WARN_UNDECLARED_SELECTOR = YES;
				GCC_WARN_UNINITIALIZED_AUTOS = YES_AGGRESSIVE;
				GCC_WARN_UNUSED_FUNCTION = YES;
				GCC_WARN_UNUSED_VARIABLE = YES;
				IPHONEOS_DEPLOYMENT_TARGET = 11.3;
				MTL_ENABLE_DEBUG_INFO = NO;
				SDKROOT = iphoneos;
				SWIFT_COMPILATION_MODE = wholemodule;
				SWIFT_OPTIMIZATION_LEVEL = "-O";
				VALIDATE_PRODUCT = YES;
			};
			name = Release;
		};
		888494E3208B872F00B980C7 /* Debug */ = {
			isa = XCBuildConfiguration;
			baseConfigurationReference = BAE28CA89506F9F4085524DE /* Pods-Levels.debug.xcconfig */;
			buildSettings = {
				ASSETCATALOG_COMPILER_APPICON_NAME = AppIcon;
				CODE_SIGN_STYLE = Automatic;
				DEVELOPMENT_TEAM = 4SB3F2S2K3;
				INFOPLIST_FILE = Levels/Info.plist;
				LD_RUNPATH_SEARCH_PATHS = "$(inherited) @executable_path/Frameworks";
				PRODUCT_BUNDLE_IDENTIFIER = com.silverlogic.Levels;
				PRODUCT_NAME = "$(TARGET_NAME)";
				SWIFT_VERSION = 4.0;
				TARGETED_DEVICE_FAMILY = "1,2";
			};
			name = Debug;
		};
		888494E4208B872F00B980C7 /* Release */ = {
			isa = XCBuildConfiguration;
			baseConfigurationReference = 7B60D6EDC12D214B12DDC25E /* Pods-Levels.release.xcconfig */;
			buildSettings = {
				ASSETCATALOG_COMPILER_APPICON_NAME = AppIcon;
				CODE_SIGN_STYLE = Automatic;
				DEVELOPMENT_TEAM = 4SB3F2S2K3;
				INFOPLIST_FILE = Levels/Info.plist;
				LD_RUNPATH_SEARCH_PATHS = "$(inherited) @executable_path/Frameworks";
				PRODUCT_BUNDLE_IDENTIFIER = com.silverlogic.Levels;
				PRODUCT_NAME = "$(TARGET_NAME)";
				SWIFT_VERSION = 4.0;
				TARGETED_DEVICE_FAMILY = "1,2";
			};
			name = Release;
		};
/* End XCBuildConfiguration section */

/* Begin XCConfigurationList section */
		888494C9208B872E00B980C7 /* Build configuration list for PBXProject "Levels" */ = {
			isa = XCConfigurationList;
			buildConfigurations = (
				888494E0208B872F00B980C7 /* Debug */,
				888494E1208B872F00B980C7 /* Release */,
			);
			defaultConfigurationIsVisible = 0;
			defaultConfigurationName = Release;
		};
		888494E2208B872F00B980C7 /* Build configuration list for PBXNativeTarget "Levels" */ = {
			isa = XCConfigurationList;
			buildConfigurations = (
				888494E3208B872F00B980C7 /* Debug */,
				888494E4208B872F00B980C7 /* Release */,
			);
			defaultConfigurationIsVisible = 0;
			defaultConfigurationName = Release;
		};
/* End XCConfigurationList section */
	};
	rootObject = 888494C6208B872E00B980C7 /* Project object */;
}
